
Microsoft Visual Studio Solution File, Format Version 12.00
# Visual Studio Version 17
VisualStudioVersion = 17.6.34202.202
MinimumVisualStudioVersion = 10.0.40219.1
Project("{9A19103F-16F7-4668-BE54-9A1E7A4F7556}") = "DayOfWeek", "DayOfWeek\DayOfWeek.csproj", "{8D7752E6-B016-4739-9D3C-E456F497D78E}"
EndProject
Project("{9A19103F-16F7-4668-BE54-9A1E7A4F7556}") = "SumAnArray", "SumAnArray\SumAnArray.csproj", "{DADE4E29-3C40-40B8-B88D-0B7DA32DAA5C}"
EndProject
Project("{9A19103F-16F7-4668-BE54-9A1E7A4F7556}") = "ReverseAnArray", "ReverseAnArray\ReverseAnArray.csproj", "{E4A57BAA-90F6-45DE-838D-86F3897D35CD}"
EndProject
Project("{9A19103F-16F7-4668-BE54-9A1E7A4F7556}") = "EvenAndOddSubtraction", "EvenAndOddSubtraction\EvenAndOddSubtraction.csproj", "{10B7D078-1B18-4FEF-9B83-1439ED1FA3F2}"
EndProject
Project("{9A19103F-16F7-4668-BE54-9A1E7A4F7556}") = "EqualArrays", "EqualArrays\EqualArrays.csproj", "{3B4C9BF6-8C80-40DA-9EF2-C16197ADB263}"
EndProject
Project("{9A19103F-16F7-4668-BE54-9A1E7A4F7556}") = "CommonElements", "CommonElements\CommonElements.csproj", "{914D6594-6C6B-44BD-81BF-7781BFF8A9AB}"
EndProject
Project("{FAE04EC0-301F-11D3-BF4B-00C04F79EFBC}") = "ChangeList", "ChangeList\ChangeList.csproj", "{85B663C1-E2D0-4FBC-B3E1-B948CDCAF58B}"
EndProject
Project("{FAE04EC0-301F-11D3-BF4B-00C04F79EFBC}") = "ListOfProducts", "ListOfProducts\ListOfProducts.csproj", "{A21898E2-6035-4D2C-8676-CE61E4A21FC0}"
EndProject
Project("{FAE04EC0-301F-11D3-BF4B-00C04F79EFBC}") = "RemoveNegativesAndReverse", "RemoveNegativesAndReverse\RemoveNegativesAndReverse.csproj", "{5ADB0600-6873-4CB0-9BB6-65DD37309007}"
EndProject
Project("{FAE04EC0-301F-11D3-BF4B-00C04F79EFBC}") = "ListManipulationBasics", "ListManipulationBasics\ListManipulationBasics.csproj", "{F187BD06-60BD-42DB-81EB-B37B09D860FF}"
EndProject
Project("{FAE04EC0-301F-11D3-BF4B-00C04F79EFBC}") = "ListManipulationAdvanced", "ListManipulationAdvanced\ListManipulationAdvanced.csproj", "{C3EB2DD2-6BC1-4E1D-B093-778AEA8FCA18}"
EndProject
Project("{FAE04EC0-301F-11D3-BF4B-00C04F79EFBC}") = "GaussTrick", "GaussTrick\GaussTrick.csproj", "{27890AF0-E9C7-4865-987B-BF223A48BAEA}"
EndProject
Project("{FAE04EC0-301F-11D3-BF4B-00C04F79EFBC}") = "CondenseArrayToNumber", "CondenseArrayToNumber\CondenseArrayToNumber.csproj", "{33063945-8ABD-406E-BFCA-6FE9ADF4D21E}"
EndProject
Project("{FAE04EC0-301F-11D3-BF4B-00C04F79EFBC}") = "MergingLists", "MergingLists\MergingLists.csproj", "{CD55EB29-7CBB-41C7-84CB-DE454C8DF6F8}"
EndProject
Project("{FAE04EC0-301F-11D3-BF4B-00C04F79EFBC}") = "SumAdjacentEqualNumbers", "SumAdjacentEqualNumbers\SumAdjacentEqualNumbers.csproj", "{8373CB2B-3806-4959-8822-0CB775648A03}"
EndProject
Project("{FAE04EC0-301F-11D3-BF4B-00C04F79EFBC}") = "BombNumbers", "BombNumbers\BombNumbers.csproj", "{E80F1C51-5DEA-4993-BA6E-698DAE6DF298}"
EndProject
Project("{FAE04EC0-301F-11D3-BF4B-00C04F79EFBC}") = "CardsGame", "CardsGame\CardsGame.csproj", "{25E3596C-62CF-4992-B1C7-9D051D6FD77D}"
EndProject
Project("{FAE04EC0-301F-11D3-BF4B-00C04F79EFBC}") = "Zig-ZagArrays", "Zig-ZagArrays\Zig-ZagArrays.csproj", "{44CDE968-7E98-4F22-8AD9-0205845D2CA8}"
EndProject
Project("{FAE04EC0-301F-11D3-BF4B-00C04F79EFBC}") = "ArrayRotation", "ArrayRotation\ArrayRotation.csproj", "{5D388EBC-41EA-4316-AB23-948536339CD2}"
EndProject
Project("{FAE04EC0-301F-11D3-BF4B-00C04F79EFBC}") = "MaxSequenceOfEqualElements", "MaxSequenceOfEqualElements\MaxSequenceOfEqualElements.csproj", "{2B999A71-9833-4AD8-B4FF-B0B79EF6EB68}"
EndProject
Project("{FAE04EC0-301F-11D3-BF4B-00C04F79EFBC}") = "TopIntegers", "TopIntegers\TopIntegers.csproj", "{10A2B51A-98D2-4CF3-8C5F-A047298AD3F1}"
EndProject
Global
	GlobalSection(SolutionConfigurationPlatforms) = preSolution
		Debug|Any CPU = Debug|Any CPU
		Release|Any CPU = Release|Any CPU
	EndGlobalSection
	GlobalSection(ProjectConfigurationPlatforms) = postSolution
		{8D7752E6-B016-4739-9D3C-E456F497D78E}.Debug|Any CPU.ActiveCfg = Debug|Any CPU
		{8D7752E6-B016-4739-9D3C-E456F497D78E}.Debug|Any CPU.Build.0 = Debug|Any CPU
		{8D7752E6-B016-4739-9D3C-E456F497D78E}.Release|Any CPU.ActiveCfg = Release|Any CPU
		{8D7752E6-B016-4739-9D3C-E456F497D78E}.Release|Any CPU.Build.0 = Release|Any CPU
		{DADE4E29-3C40-40B8-B88D-0B7DA32DAA5C}.Debug|Any CPU.ActiveCfg = Debug|Any CPU
		{DADE4E29-3C40-40B8-B88D-0B7DA32DAA5C}.Debug|Any CPU.Build.0 = Debug|Any CPU
		{DADE4E29-3C40-40B8-B88D-0B7DA32DAA5C}.Release|Any CPU.ActiveCfg = Release|Any CPU
		{DADE4E29-3C40-40B8-B88D-0B7DA32DAA5C}.Release|Any CPU.Build.0 = Release|Any CPU
		{E4A57BAA-90F6-45DE-838D-86F3897D35CD}.Debug|Any CPU.ActiveCfg = Debug|Any CPU
		{E4A57BAA-90F6-45DE-838D-86F3897D35CD}.Debug|Any CPU.Build.0 = Debug|Any CPU
		{E4A57BAA-90F6-45DE-838D-86F3897D35CD}.Release|Any CPU.ActiveCfg = Release|Any CPU
		{E4A57BAA-90F6-45DE-838D-86F3897D35CD}.Release|Any CPU.Build.0 = Release|Any CPU
		{10B7D078-1B18-4FEF-9B83-1439ED1FA3F2}.Debug|Any CPU.ActiveCfg = Debug|Any CPU
		{10B7D078-1B18-4FEF-9B83-1439ED1FA3F2}.Debug|Any CPU.Build.0 = Debug|Any CPU
		{10B7D078-1B18-4FEF-9B83-1439ED1FA3F2}.Release|Any CPU.ActiveCfg = Release|Any CPU
		{10B7D078-1B18-4FEF-9B83-1439ED1FA3F2}.Release|Any CPU.Build.0 = Release|Any CPU
		{3B4C9BF6-8C80-40DA-9EF2-C16197ADB263}.Debug|Any CPU.ActiveCfg = Debug|Any CPU
		{3B4C9BF6-8C80-40DA-9EF2-C16197ADB263}.Debug|Any CPU.Build.0 = Debug|Any CPU
		{3B4C9BF6-8C80-40DA-9EF2-C16197ADB263}.Release|Any CPU.ActiveCfg = Release|Any CPU
		{3B4C9BF6-8C80-40DA-9EF2-C16197ADB263}.Release|Any CPU.Build.0 = Release|Any CPU
		{914D6594-6C6B-44BD-81BF-7781BFF8A9AB}.Debug|Any CPU.ActiveCfg = Debug|Any CPU
		{914D6594-6C6B-44BD-81BF-7781BFF8A9AB}.Debug|Any CPU.Build.0 = Debug|Any CPU
		{914D6594-6C6B-44BD-81BF-7781BFF8A9AB}.Release|Any CPU.ActiveCfg = Release|Any CPU
		{914D6594-6C6B-44BD-81BF-7781BFF8A9AB}.Release|Any CPU.Build.0 = Release|Any CPU
		{85B663C1-E2D0-4FBC-B3E1-B948CDCAF58B}.Debug|Any CPU.ActiveCfg = Debug|Any CPU
		{85B663C1-E2D0-4FBC-B3E1-B948CDCAF58B}.Debug|Any CPU.Build.0 = Debug|Any CPU
		{85B663C1-E2D0-4FBC-B3E1-B948CDCAF58B}.Release|Any CPU.ActiveCfg = Release|Any CPU
		{85B663C1-E2D0-4FBC-B3E1-B948CDCAF58B}.Release|Any CPU.Build.0 = Release|Any CPU
		{A21898E2-6035-4D2C-8676-CE61E4A21FC0}.Debug|Any CPU.ActiveCfg = Debug|Any CPU
		{A21898E2-6035-4D2C-8676-CE61E4A21FC0}.Debug|Any CPU.Build.0 = Debug|Any CPU
		{A21898E2-6035-4D2C-8676-CE61E4A21FC0}.Release|Any CPU.ActiveCfg = Release|Any CPU
		{A21898E2-6035-4D2C-8676-CE61E4A21FC0}.Release|Any CPU.Build.0 = Release|Any CPU
		{5ADB0600-6873-4CB0-9BB6-65DD37309007}.Debug|Any CPU.ActiveCfg = Debug|Any CPU
		{5ADB0600-6873-4CB0-9BB6-65DD37309007}.Debug|Any CPU.Build.0 = Debug|Any CPU
		{5ADB0600-6873-4CB0-9BB6-65DD37309007}.Release|Any CPU.ActiveCfg = Release|Any CPU
		{5ADB0600-6873-4CB0-9BB6-65DD37309007}.Release|Any CPU.Build.0 = Release|Any CPU
		{F187BD06-60BD-42DB-81EB-B37B09D860FF}.Debug|Any CPU.ActiveCfg = Debug|Any CPU
		{F187BD06-60BD-42DB-81EB-B37B09D860FF}.Debug|Any CPU.Build.0 = Debug|Any CPU
		{F187BD06-60BD-42DB-81EB-B37B09D860FF}.Release|Any CPU.ActiveCfg = Release|Any CPU
		{F187BD06-60BD-42DB-81EB-B37B09D860FF}.Release|Any CPU.Build.0 = Release|Any CPU
		{C3EB2DD2-6BC1-4E1D-B093-778AEA8FCA18}.Debug|Any CPU.ActiveCfg = Debug|Any CPU
		{C3EB2DD2-6BC1-4E1D-B093-778AEA8FCA18}.Debug|Any CPU.Build.0 = Debug|Any CPU
		{C3EB2DD2-6BC1-4E1D-B093-778AEA8FCA18}.Release|Any CPU.ActiveCfg = Release|Any CPU
		{C3EB2DD2-6BC1-4E1D-B093-778AEA8FCA18}.Release|Any CPU.Build.0 = Release|Any CPU
		{27890AF0-E9C7-4865-987B-BF223A48BAEA}.Debug|Any CPU.ActiveCfg = Debug|Any CPU
		{27890AF0-E9C7-4865-987B-BF223A48BAEA}.Debug|Any CPU.Build.0 = Debug|Any CPU
		{27890AF0-E9C7-4865-987B-BF223A48BAEA}.Release|Any CPU.ActiveCfg = Release|Any CPU
		{27890AF0-E9C7-4865-987B-BF223A48BAEA}.Release|Any CPU.Build.0 = Release|Any CPU
		{33063945-8ABD-406E-BFCA-6FE9ADF4D21E}.Debug|Any CPU.ActiveCfg = Debug|Any CPU
		{33063945-8ABD-406E-BFCA-6FE9ADF4D21E}.Debug|Any CPU.Build.0 = Debug|Any CPU
		{33063945-8ABD-406E-BFCA-6FE9ADF4D21E}.Release|Any CPU.ActiveCfg = Release|Any CPU
		{33063945-8ABD-406E-BFCA-6FE9ADF4D21E}.Release|Any CPU.Build.0 = Release|Any CPU
		{CD55EB29-7CBB-41C7-84CB-DE454C8DF6F8}.Debug|Any CPU.ActiveCfg = Debug|Any CPU
		{CD55EB29-7CBB-41C7-84CB-DE454C8DF6F8}.Debug|Any CPU.Build.0 = Debug|Any CPU
		{CD55EB29-7CBB-41C7-84CB-DE454C8DF6F8}.Release|Any CPU.ActiveCfg = Release|Any CPU
		{CD55EB29-7CBB-41C7-84CB-DE454C8DF6F8}.Release|Any CPU.Build.0 = Release|Any CPU
		{8373CB2B-3806-4959-8822-0CB775648A03}.Debug|Any CPU.ActiveCfg = Debug|Any CPU
		{8373CB2B-3806-4959-8822-0CB775648A03}.Debug|Any CPU.Build.0 = Debug|Any CPU
		{8373CB2B-3806-4959-8822-0CB775648A03}.Release|Any CPU.ActiveCfg = Release|Any CPU
		{8373CB2B-3806-4959-8822-0CB775648A03}.Release|Any CPU.Build.0 = Release|Any CPU
		{E80F1C51-5DEA-4993-BA6E-698DAE6DF298}.Debug|Any CPU.ActiveCfg = Debug|Any CPU
		{E80F1C51-5DEA-4993-BA6E-698DAE6DF298}.Debug|Any CPU.Build.0 = Debug|Any CPU
		{E80F1C51-5DEA-4993-BA6E-698DAE6DF298}.Release|Any CPU.ActiveCfg = Release|Any CPU
		{E80F1C51-5DEA-4993-BA6E-698DAE6DF298}.Release|Any CPU.Build.0 = Release|Any CPU
		{25E3596C-62CF-4992-B1C7-9D051D6FD77D}.Debug|Any CPU.ActiveCfg = Debug|Any CPU
		{25E3596C-62CF-4992-B1C7-9D051D6FD77D}.Debug|Any CPU.Build.0 = Debug|Any CPU
		{25E3596C-62CF-4992-B1C7-9D051D6FD77D}.Release|Any CPU.ActiveCfg = Release|Any CPU
		{25E3596C-62CF-4992-B1C7-9D051D6FD77D}.Release|Any CPU.Build.0 = Release|Any CPU
		{44CDE968-7E98-4F22-8AD9-0205845D2CA8}.Debug|Any CPU.ActiveCfg = Debug|Any CPU
		{44CDE968-7E98-4F22-8AD9-0205845D2CA8}.Debug|Any CPU.Build.0 = Debug|Any CPU
		{44CDE968-7E98-4F22-8AD9-0205845D2CA8}.Release|Any CPU.ActiveCfg = Release|Any CPU
		{44CDE968-7E98-4F22-8AD9-0205845D2CA8}.Release|Any CPU.Build.0 = Release|Any CPU
		{5D388EBC-41EA-4316-AB23-948536339CD2}.Debug|Any CPU.ActiveCfg = Debug|Any CPU
		{5D388EBC-41EA-4316-AB23-948536339CD2}.Debug|Any CPU.Build.0 = Debug|Any CPU
		{5D388EBC-41EA-4316-AB23-948536339CD2}.Release|Any CPU.ActiveCfg = Release|Any CPU
		{5D388EBC-41EA-4316-AB23-948536339CD2}.Release|Any CPU.Build.0 = Release|Any CPU
		{2B999A71-9833-4AD8-B4FF-B0B79EF6EB68}.Debug|Any CPU.ActiveCfg = Debug|Any CPU
		{2B999A71-9833-4AD8-B4FF-B0B79EF6EB68}.Debug|Any CPU.Build.0 = Debug|Any CPU
		{2B999A71-9833-4AD8-B4FF-B0B79EF6EB68}.Release|Any CPU.ActiveCfg = Release|Any CPU
		{2B999A71-9833-4AD8-B4FF-B0B79EF6EB68}.Release|Any CPU.Build.0 = Release|Any CPU
		{10A2B51A-98D2-4CF3-8C5F-A047298AD3F1}.Debug|Any CPU.ActiveCfg = Debug|Any CPU
		{10A2B51A-98D2-4CF3-8C5F-A047298AD3F1}.Debug|Any CPU.Build.0 = Debug|Any CPU
		{10A2B51A-98D2-4CF3-8C5F-A047298AD3F1}.Release|Any CPU.ActiveCfg = Release|Any CPU
		{10A2B51A-98D2-4CF3-8C5F-A047298AD3F1}.Release|Any CPU.Build.0 = Release|Any CPU
	EndGlobalSection
	GlobalSection(SolutionProperties) = preSolution
		HideSolutionNode = FALSE
	EndGlobalSection
	GlobalSection(ExtensibilityGlobals) = postSolution
		SolutionGuid = {40FDC968-0FBC-4B74-9181-9780D3BDFE25}
	EndGlobalSection
EndGlobal
