
Microsoft Visual Studio Solution File, Format Version 12.00
# Visual Studio Version 17
VisualStudioVersion = 17.6.34031.178
MinimumVisualStudioVersion = 10.0.40219.1
Project("{FAE04EC0-301F-11D3-BF4B-00C04F79EFBC}") = "NumbersEndingIn7", "NumbersEndingIn7\NumbersEndingIn7.csproj", "{055DAA0D-2948-4A43-A492-003B82B349DA}"
EndProject
Project("{FAE04EC0-301F-11D3-BF4B-00C04F79EFBC}") = "HalfSumElements", "HalfSumElements\HalfSumElements.csproj", "{18BC4269-FCCF-4CED-8987-4A5FFE344852}"
EndProject
Project("{FAE04EC0-301F-11D3-BF4B-00C04F79EFBC}") = "OldLibrary", "OldLibrary\OldLibrary.csproj", "{F36DDF32-9537-4306-8D16-322CE2951095}"
EndProject
Project("{FAE04EC0-301F-11D3-BF4B-00C04F79EFBC}") = "ExamPreparation", "ExamPreparation\ExamPreparation.csproj", "{B421A179-E729-4B45-ACE9-7C8CF02F442B}"
EndProject
Project("{FAE04EC0-301F-11D3-BF4B-00C04F79EFBC}") = "Vacation", "Vacation\Vacation.csproj", "{E7069E27-4880-4BD5-AEB8-1F39E5A1ABA8}"
EndProject
Project("{FAE04EC0-301F-11D3-BF4B-00C04F79EFBC}") = "Walking", "Walking\Walking.csproj", "{64119B7F-B357-4D01-802A-429B6DEA6CDB}"
EndProject
Project("{FAE04EC0-301F-11D3-BF4B-00C04F79EFBC}") = "Coins", "Coins\Coins.csproj", "{EE55B360-53AA-4198-9521-538ACC238884}"
EndProject
Project("{FAE04EC0-301F-11D3-BF4B-00C04F79EFBC}") = "Cake", "Cake\Cake.csproj", "{4299BA8C-535B-413F-BAA7-4D697E28D659}"
EndProject
Project("{FAE04EC0-301F-11D3-BF4B-00C04F79EFBC}") = "Moving", "Moving\Moving.csproj", "{47351049-F70A-41F7-AB07-876CF434834C}"
EndProject
Project("{FAE04EC0-301F-11D3-BF4B-00C04F79EFBC}") = "NumberPyramid", "NumberPyramid\NumberPyramid.csproj", "{38A7AAAA-F1FC-4974-B02D-F6B155B07B4C}"
EndProject
Project("{FAE04EC0-301F-11D3-BF4B-00C04F79EFBC}") = "SumEvenOdd", "SumEvenOdd\SumEvenOdd.csproj", "{F8930332-5D85-46DA-B280-120D3BB686A0}"
EndProject
Project("{FAE04EC0-301F-11D3-BF4B-00C04F79EFBC}") = "SumPrimeNonprime", "SumPrimeNonprime\SumPrimeNonprime.csproj", "{C0D1BA92-325D-4E59-8DE8-81F12806786E}"
EndProject
Project("{FAE04EC0-301F-11D3-BF4B-00C04F79EFBC}") = "TrainTheTreners", "TrainTheTreners\TrainTheTreners.csproj", "{4A4A8029-D2D7-4D13-BDDA-D5CCED948B1F}"
EndProject
Project("{FAE04EC0-301F-11D3-BF4B-00C04F79EFBC}") = "SpecialNumbers", "SpecialNumbers\SpecialNumbers.csproj", "{703AA32B-62E3-47ED-988E-78D4B62FFEA0}"
EndProject
Project("{FAE04EC0-301F-11D3-BF4B-00C04F79EFBC}") = "CinemaTickets", "CinemaTickets\CinemaTickets.csproj", "{1EA4E4ED-81F3-483A-A03D-BBF1EA74FF0F}"
EndProject
Global
	GlobalSection(SolutionConfigurationPlatforms) = preSolution
		Debug|Any CPU = Debug|Any CPU
		Release|Any CPU = Release|Any CPU
	EndGlobalSection
	GlobalSection(ProjectConfigurationPlatforms) = postSolution
		{055DAA0D-2948-4A43-A492-003B82B349DA}.Debug|Any CPU.ActiveCfg = Debug|Any CPU
		{055DAA0D-2948-4A43-A492-003B82B349DA}.Debug|Any CPU.Build.0 = Debug|Any CPU
		{055DAA0D-2948-4A43-A492-003B82B349DA}.Release|Any CPU.ActiveCfg = Release|Any CPU
		{055DAA0D-2948-4A43-A492-003B82B349DA}.Release|Any CPU.Build.0 = Release|Any CPU
		{18BC4269-FCCF-4CED-8987-4A5FFE344852}.Debug|Any CPU.ActiveCfg = Debug|Any CPU
		{18BC4269-FCCF-4CED-8987-4A5FFE344852}.Debug|Any CPU.Build.0 = Debug|Any CPU
		{18BC4269-FCCF-4CED-8987-4A5FFE344852}.Release|Any CPU.ActiveCfg = Release|Any CPU
		{18BC4269-FCCF-4CED-8987-4A5FFE344852}.Release|Any CPU.Build.0 = Release|Any CPU
		{F36DDF32-9537-4306-8D16-322CE2951095}.Debug|Any CPU.ActiveCfg = Debug|Any CPU
		{F36DDF32-9537-4306-8D16-322CE2951095}.Debug|Any CPU.Build.0 = Debug|Any CPU
		{F36DDF32-9537-4306-8D16-322CE2951095}.Release|Any CPU.ActiveCfg = Release|Any CPU
		{F36DDF32-9537-4306-8D16-322CE2951095}.Release|Any CPU.Build.0 = Release|Any CPU
		{B421A179-E729-4B45-ACE9-7C8CF02F442B}.Debug|Any CPU.ActiveCfg = Debug|Any CPU
		{B421A179-E729-4B45-ACE9-7C8CF02F442B}.Debug|Any CPU.Build.0 = Debug|Any CPU
		{B421A179-E729-4B45-ACE9-7C8CF02F442B}.Release|Any CPU.ActiveCfg = Release|Any CPU
		{B421A179-E729-4B45-ACE9-7C8CF02F442B}.Release|Any CPU.Build.0 = Release|Any CPU
		{E7069E27-4880-4BD5-AEB8-1F39E5A1ABA8}.Debug|Any CPU.ActiveCfg = Debug|Any CPU
		{E7069E27-4880-4BD5-AEB8-1F39E5A1ABA8}.Debug|Any CPU.Build.0 = Debug|Any CPU
		{E7069E27-4880-4BD5-AEB8-1F39E5A1ABA8}.Release|Any CPU.ActiveCfg = Release|Any CPU
		{E7069E27-4880-4BD5-AEB8-1F39E5A1ABA8}.Release|Any CPU.Build.0 = Release|Any CPU
		{64119B7F-B357-4D01-802A-429B6DEA6CDB}.Debug|Any CPU.ActiveCfg = Debug|Any CPU
		{64119B7F-B357-4D01-802A-429B6DEA6CDB}.Debug|Any CPU.Build.0 = Debug|Any CPU
		{64119B7F-B357-4D01-802A-429B6DEA6CDB}.Release|Any CPU.ActiveCfg = Release|Any CPU
		{64119B7F-B357-4D01-802A-429B6DEA6CDB}.Release|Any CPU.Build.0 = Release|Any CPU
		{EE55B360-53AA-4198-9521-538ACC238884}.Debug|Any CPU.ActiveCfg = Debug|Any CPU
		{EE55B360-53AA-4198-9521-538ACC238884}.Debug|Any CPU.Build.0 = Debug|Any CPU
		{EE55B360-53AA-4198-9521-538ACC238884}.Release|Any CPU.ActiveCfg = Release|Any CPU
		{EE55B360-53AA-4198-9521-538ACC238884}.Release|Any CPU.Build.0 = Release|Any CPU
		{4299BA8C-535B-413F-BAA7-4D697E28D659}.Debug|Any CPU.ActiveCfg = Debug|Any CPU
		{4299BA8C-535B-413F-BAA7-4D697E28D659}.Debug|Any CPU.Build.0 = Debug|Any CPU
		{4299BA8C-535B-413F-BAA7-4D697E28D659}.Release|Any CPU.ActiveCfg = Release|Any CPU
		{4299BA8C-535B-413F-BAA7-4D697E28D659}.Release|Any CPU.Build.0 = Release|Any CPU
		{47351049-F70A-41F7-AB07-876CF434834C}.Debug|Any CPU.ActiveCfg = Debug|Any CPU
		{47351049-F70A-41F7-AB07-876CF434834C}.Debug|Any CPU.Build.0 = Debug|Any CPU
		{47351049-F70A-41F7-AB07-876CF434834C}.Release|Any CPU.ActiveCfg = Release|Any CPU
		{47351049-F70A-41F7-AB07-876CF434834C}.Release|Any CPU.Build.0 = Release|Any CPU
		{38A7AAAA-F1FC-4974-B02D-F6B155B07B4C}.Debug|Any CPU.ActiveCfg = Debug|Any CPU
		{38A7AAAA-F1FC-4974-B02D-F6B155B07B4C}.Debug|Any CPU.Build.0 = Debug|Any CPU
		{38A7AAAA-F1FC-4974-B02D-F6B155B07B4C}.Release|Any CPU.ActiveCfg = Release|Any CPU
		{38A7AAAA-F1FC-4974-B02D-F6B155B07B4C}.Release|Any CPU.Build.0 = Release|Any CPU
		{F8930332-5D85-46DA-B280-120D3BB686A0}.Debug|Any CPU.ActiveCfg = Debug|Any CPU
		{F8930332-5D85-46DA-B280-120D3BB686A0}.Debug|Any CPU.Build.0 = Debug|Any CPU
		{F8930332-5D85-46DA-B280-120D3BB686A0}.Release|Any CPU.ActiveCfg = Release|Any CPU
		{F8930332-5D85-46DA-B280-120D3BB686A0}.Release|Any CPU.Build.0 = Release|Any CPU
		{C0D1BA92-325D-4E59-8DE8-81F12806786E}.Debug|Any CPU.ActiveCfg = Debug|Any CPU
		{C0D1BA92-325D-4E59-8DE8-81F12806786E}.Debug|Any CPU.Build.0 = Debug|Any CPU
		{C0D1BA92-325D-4E59-8DE8-81F12806786E}.Release|Any CPU.ActiveCfg = Release|Any CPU
		{C0D1BA92-325D-4E59-8DE8-81F12806786E}.Release|Any CPU.Build.0 = Release|Any CPU
		{4A4A8029-D2D7-4D13-BDDA-D5CCED948B1F}.Debug|Any CPU.ActiveCfg = Debug|Any CPU
		{4A4A8029-D2D7-4D13-BDDA-D5CCED948B1F}.Debug|Any CPU.Build.0 = Debug|Any CPU
		{4A4A8029-D2D7-4D13-BDDA-D5CCED948B1F}.Release|Any CPU.ActiveCfg = Release|Any CPU
		{4A4A8029-D2D7-4D13-BDDA-D5CCED948B1F}.Release|Any CPU.Build.0 = Release|Any CPU
		{703AA32B-62E3-47ED-988E-78D4B62FFEA0}.Debug|Any CPU.ActiveCfg = Debug|Any CPU
		{703AA32B-62E3-47ED-988E-78D4B62FFEA0}.Debug|Any CPU.Build.0 = Debug|Any CPU
		{703AA32B-62E3-47ED-988E-78D4B62FFEA0}.Release|Any CPU.ActiveCfg = Release|Any CPU
		{703AA32B-62E3-47ED-988E-78D4B62FFEA0}.Release|Any CPU.Build.0 = Release|Any CPU
		{1EA4E4ED-81F3-483A-A03D-BBF1EA74FF0F}.Debug|Any CPU.ActiveCfg = Debug|Any CPU
		{1EA4E4ED-81F3-483A-A03D-BBF1EA74FF0F}.Debug|Any CPU.Build.0 = Debug|Any CPU
		{1EA4E4ED-81F3-483A-A03D-BBF1EA74FF0F}.Release|Any CPU.ActiveCfg = Release|Any CPU
		{1EA4E4ED-81F3-483A-A03D-BBF1EA74FF0F}.Release|Any CPU.Build.0 = Release|Any CPU
	EndGlobalSection
	GlobalSection(SolutionProperties) = preSolution
		HideSolutionNode = FALSE
	EndGlobalSection
	GlobalSection(ExtensibilityGlobals) = postSolution
		SolutionGuid = {50B838D8-D8A1-49AE-ADC8-F20F24B6F100}
	EndGlobalSection
EndGlobal
