
Microsoft Visual Studio Solution File, Format Version 12.00
# Visual Studio Version 17
VisualStudioVersion = 17.6.34031.178
MinimumVisualStudioVersion = 10.0.40219.1
Project("{9A19103F-16F7-4668-BE54-9A1E7A4F7556}") = "SmallestOfThreeNumbers", "SmallestOfThreeNumbers\SmallestOfThreeNumbers.csproj", "{7444961B-426A-4F80-84D8-3F1C1D2CE507}"
EndProject
Project("{9A19103F-16F7-4668-BE54-9A1E7A4F7556}") = "VowelsCount", "VowelsCount\VowelsCount.csproj", "{6C22C53F-BF8F-42DA-AEC9-0B5428BD3639}"
EndProject
Project("{9A19103F-16F7-4668-BE54-9A1E7A4F7556}") = "CharactersInRange", "CharactersInRange\CharactersInRange.csproj", "{F656B0C3-78BC-448A-B721-38B507484F0F}"
EndProject
Project("{9A19103F-16F7-4668-BE54-9A1E7A4F7556}") = "PasswordValidator", "PasswordValidator\PasswordValidator.csproj", "{0442AC11-A434-4F8C-918D-D930368A540B}"
EndProject
Project("{9A19103F-16F7-4668-BE54-9A1E7A4F7556}") = "AddAndSubtract", "AddAndSubtract\AddAndSubtract.csproj", "{C3DF465C-F801-4D90-BD2D-81A1D7CBB87F}"
EndProject
Project("{9A19103F-16F7-4668-BE54-9A1E7A4F7556}") = "MiddleCharacters", "MiddleCharacters\MiddleCharacters.csproj", "{32E65B2E-7FDB-41DB-8E05-2F68EC5156FF}"
EndProject
Project("{9A19103F-16F7-4668-BE54-9A1E7A4F7556}") = "FactorialDivision", "FactorialDivision\FactorialDivision.csproj", "{96ABAF21-8DA0-4456-815C-52B8DBEF419B}"
EndProject
Project("{9A19103F-16F7-4668-BE54-9A1E7A4F7556}") = "PalindromeIntegers", "PalindromeIntegers\PalindromeIntegers.csproj", "{92F09F9E-656C-4152-9F3F-26B4C19308AC}"
EndProject
Project("{9A19103F-16F7-4668-BE54-9A1E7A4F7556}") = "TopNumber", "TopNumber\TopNumber.csproj", "{78371328-856E-4E5F-8708-394F697EB1D0}"
EndProject
Project("{9A19103F-16F7-4668-BE54-9A1E7A4F7556}") = "NxNmatrix", "NxNmatrix\NxNmatrix.csproj", "{0D3EC745-04B5-450D-84C5-20D443CEA187}"
EndProject
Project("{9A19103F-16F7-4668-BE54-9A1E7A4F7556}") = "SignOfIntegerNumbers", "SignOfIntegerNumbers\SignOfIntegerNumbers.csproj", "{BDE57590-8BCD-4171-B7ED-50086ABC6E48}"
EndProject
Project("{9A19103F-16F7-4668-BE54-9A1E7A4F7556}") = "Grades", "Grades\Grades.csproj", "{7A5ED780-79FC-484C-B8C3-93EF748B9470}"
EndProject
Project("{9A19103F-16F7-4668-BE54-9A1E7A4F7556}") = "PrintingTriangle", "PrintingTriangle\PrintingTriangle.csproj", "{60F71676-5520-4423-A315-B85FE61CD7FA}"
EndProject
Project("{9A19103F-16F7-4668-BE54-9A1E7A4F7556}") = "CalculateRectangleArea", "CalculateRectangleArea\CalculateRectangleArea.csproj", "{A885B6AF-4E99-4FC2-9E53-9B0AAD2EFD1A}"
EndProject
Project("{9A19103F-16F7-4668-BE54-9A1E7A4F7556}") = "RepeatString", "RepeatString\RepeatString.csproj", "{F32D4521-20B5-4FE5-B21F-5D58F64C7378}"
EndProject
Project("{9A19103F-16F7-4668-BE54-9A1E7A4F7556}") = "MathPower", "MathPower\MathPower.csproj", "{E3B623EF-E6CC-4D39-A7A6-2B9145893F6F}"
EndProject
Project("{9A19103F-16F7-4668-BE54-9A1E7A4F7556}") = "GreaterOfTwoValues", "GreaterOfTwoValues\GreaterOfTwoValues.csproj", "{3DF1BCB1-ED3B-41C0-AD9D-D9111E0EB881}"
EndProject
Project("{9A19103F-16F7-4668-BE54-9A1E7A4F7556}") = "MultiplyEvensByOdds", "MultiplyEvensByOdds\MultiplyEvensByOdds.csproj", "{26A9DC7A-2647-4A51-8AFE-FDD8695A6503}"
EndProject
Project("{9A19103F-16F7-4668-BE54-9A1E7A4F7556}") = "Orders", "Orders\Orders.csproj", "{09965A44-683F-41EB-B41E-B3B1B884D60C}"
EndProject
Project("{9A19103F-16F7-4668-BE54-9A1E7A4F7556}") = "MultiplicationSign", "StupidPassword\MultiplicationSign.csproj", "{4098C0A5-5FE8-4519-953D-465C6D45157B}"
EndProject
Project("{9A19103F-16F7-4668-BE54-9A1E7A4F7556}") = "HappyNumbers", "HappyNumbers\HappyNumbers.csproj", "{E98FBF20-0607-4483-9DEB-7E6611B22281}"
EndProject
Project("{9A19103F-16F7-4668-BE54-9A1E7A4F7556}") = "LetterCombinations", "LetterCombinations\LetterCombinations.csproj", "{FB3500B9-EF28-4629-AD0B-E8570EBDCC08}"
EndProject
Project("{9A19103F-16F7-4668-BE54-9A1E7A4F7556}") = "StupidPasswords", "StupidPasswords\StupidPasswords.csproj", "{F9F714B4-E541-4EF9-A8FB-87F9804C34E5}"
EndProject
Project("{9A19103F-16F7-4668-BE54-9A1E7A4F7556}") = "MagicNumbers", "MagicNumbers\MagicNumbers.csproj", "{C66F0194-537F-4AC2-9110-F270E8714AF1}"
EndProject
Project("{9A19103F-16F7-4668-BE54-9A1E7A4F7556}") = "UniquePINCodes", "UniquePINCodes\UniquePINCodes.csproj", "{58E1F032-A8D2-4A8F-83A2-24DA2D094A04}"
EndProject
Project("{9A19103F-16F7-4668-BE54-9A1E7A4F7556}") = "SumFactorialEvenDigits", "SumFactorialEvenDigits\SumFactorialEvenDigits.csproj", "{3FC67A9E-69FD-4AFD-84FF-44F54F1BD9E0}"
EndProject
Project("{9A19103F-16F7-4668-BE54-9A1E7A4F7556}") = "MiddleElements", "MiddleElements\MiddleElements.csproj", "{134C86B9-2947-4914-B5C7-2EA17D904447}"
EndProject
Project("{9A19103F-16F7-4668-BE54-9A1E7A4F7556}") = "MagicPrimeNumbers", "MagicPrimeNumbers\MagicPrimeNumbers.csproj", "{445B5C76-5565-496E-8C51-93AC8A08CF71}"
EndProject
Project("{9A19103F-16F7-4668-BE54-9A1E7A4F7556}") = "MinMaxValues", "MinMaxValues\MinMaxValues.csproj", "{9F94A192-9D61-47FE-A58A-21D972B29EBC}"
EndProject
Project("{9A19103F-16F7-4668-BE54-9A1E7A4F7556}") = "PascalTriangle", "PascalTriangle\PascalTriangle.csproj", "{D4ABD7AE-BB51-4827-B7AB-5AD80B7E90D8}"
EndProject
Project("{9A19103F-16F7-4668-BE54-9A1E7A4F7556}") = "LIS", "LIS\LIS.csproj", "{32C0845A-5A73-4740-BA33-92B45DBE93E1}"
EndProject
Project("{9A19103F-16F7-4668-BE54-9A1E7A4F7556}") = "EnglishNameOfEachDigit", "EnglishNameOfEachDigit\EnglishNameOfEachDigit.csproj", "{DEFE725F-2C41-44F2-96A6-FB5DE5E83119}"
EndProject
Project("{9A19103F-16F7-4668-BE54-9A1E7A4F7556}") = "AverageLastElements", "AverageLastElements\AverageLastElements.csproj", "{96DE525B-1328-4373-862D-B56DBA9DDF1C}"
EndProject
Project("{FAE04EC0-301F-11D3-BF4B-00C04F79EFBC}") = "DrumsQuality", "DrumsQuality\DrumsQuality.csproj", "{8A6D1FAB-5E46-4DFA-997F-DBA504422F3A}"
EndProject
Global
	GlobalSection(SolutionConfigurationPlatforms) = preSolution
		Debug|Any CPU = Debug|Any CPU
		Release|Any CPU = Release|Any CPU
	EndGlobalSection
	GlobalSection(ProjectConfigurationPlatforms) = postSolution
		{7444961B-426A-4F80-84D8-3F1C1D2CE507}.Debug|Any CPU.ActiveCfg = Debug|Any CPU
		{7444961B-426A-4F80-84D8-3F1C1D2CE507}.Debug|Any CPU.Build.0 = Debug|Any CPU
		{7444961B-426A-4F80-84D8-3F1C1D2CE507}.Release|Any CPU.ActiveCfg = Release|Any CPU
		{7444961B-426A-4F80-84D8-3F1C1D2CE507}.Release|Any CPU.Build.0 = Release|Any CPU
		{6C22C53F-BF8F-42DA-AEC9-0B5428BD3639}.Debug|Any CPU.ActiveCfg = Debug|Any CPU
		{6C22C53F-BF8F-42DA-AEC9-0B5428BD3639}.Debug|Any CPU.Build.0 = Debug|Any CPU
		{6C22C53F-BF8F-42DA-AEC9-0B5428BD3639}.Release|Any CPU.ActiveCfg = Release|Any CPU
		{6C22C53F-BF8F-42DA-AEC9-0B5428BD3639}.Release|Any CPU.Build.0 = Release|Any CPU
		{F656B0C3-78BC-448A-B721-38B507484F0F}.Debug|Any CPU.ActiveCfg = Debug|Any CPU
		{F656B0C3-78BC-448A-B721-38B507484F0F}.Debug|Any CPU.Build.0 = Debug|Any CPU
		{F656B0C3-78BC-448A-B721-38B507484F0F}.Release|Any CPU.ActiveCfg = Release|Any CPU
		{F656B0C3-78BC-448A-B721-38B507484F0F}.Release|Any CPU.Build.0 = Release|Any CPU
		{0442AC11-A434-4F8C-918D-D930368A540B}.Debug|Any CPU.ActiveCfg = Debug|Any CPU
		{0442AC11-A434-4F8C-918D-D930368A540B}.Debug|Any CPU.Build.0 = Debug|Any CPU
		{0442AC11-A434-4F8C-918D-D930368A540B}.Release|Any CPU.ActiveCfg = Release|Any CPU
		{0442AC11-A434-4F8C-918D-D930368A540B}.Release|Any CPU.Build.0 = Release|Any CPU
		{C3DF465C-F801-4D90-BD2D-81A1D7CBB87F}.Debug|Any CPU.ActiveCfg = Debug|Any CPU
		{C3DF465C-F801-4D90-BD2D-81A1D7CBB87F}.Debug|Any CPU.Build.0 = Debug|Any CPU
		{C3DF465C-F801-4D90-BD2D-81A1D7CBB87F}.Release|Any CPU.ActiveCfg = Release|Any CPU
		{C3DF465C-F801-4D90-BD2D-81A1D7CBB87F}.Release|Any CPU.Build.0 = Release|Any CPU
		{32E65B2E-7FDB-41DB-8E05-2F68EC5156FF}.Debug|Any CPU.ActiveCfg = Debug|Any CPU
		{32E65B2E-7FDB-41DB-8E05-2F68EC5156FF}.Debug|Any CPU.Build.0 = Debug|Any CPU
		{32E65B2E-7FDB-41DB-8E05-2F68EC5156FF}.Release|Any CPU.ActiveCfg = Release|Any CPU
		{32E65B2E-7FDB-41DB-8E05-2F68EC5156FF}.Release|Any CPU.Build.0 = Release|Any CPU
		{96ABAF21-8DA0-4456-815C-52B8DBEF419B}.Debug|Any CPU.ActiveCfg = Debug|Any CPU
		{96ABAF21-8DA0-4456-815C-52B8DBEF419B}.Debug|Any CPU.Build.0 = Debug|Any CPU
		{96ABAF21-8DA0-4456-815C-52B8DBEF419B}.Release|Any CPU.ActiveCfg = Release|Any CPU
		{96ABAF21-8DA0-4456-815C-52B8DBEF419B}.Release|Any CPU.Build.0 = Release|Any CPU
		{92F09F9E-656C-4152-9F3F-26B4C19308AC}.Debug|Any CPU.ActiveCfg = Debug|Any CPU
		{92F09F9E-656C-4152-9F3F-26B4C19308AC}.Debug|Any CPU.Build.0 = Debug|Any CPU
		{92F09F9E-656C-4152-9F3F-26B4C19308AC}.Release|Any CPU.ActiveCfg = Release|Any CPU
		{92F09F9E-656C-4152-9F3F-26B4C19308AC}.Release|Any CPU.Build.0 = Release|Any CPU
		{78371328-856E-4E5F-8708-394F697EB1D0}.Debug|Any CPU.ActiveCfg = Debug|Any CPU
		{78371328-856E-4E5F-8708-394F697EB1D0}.Debug|Any CPU.Build.0 = Debug|Any CPU
		{78371328-856E-4E5F-8708-394F697EB1D0}.Release|Any CPU.ActiveCfg = Release|Any CPU
		{78371328-856E-4E5F-8708-394F697EB1D0}.Release|Any CPU.Build.0 = Release|Any CPU
		{0D3EC745-04B5-450D-84C5-20D443CEA187}.Debug|Any CPU.ActiveCfg = Debug|Any CPU
		{0D3EC745-04B5-450D-84C5-20D443CEA187}.Debug|Any CPU.Build.0 = Debug|Any CPU
		{0D3EC745-04B5-450D-84C5-20D443CEA187}.Release|Any CPU.ActiveCfg = Release|Any CPU
		{0D3EC745-04B5-450D-84C5-20D443CEA187}.Release|Any CPU.Build.0 = Release|Any CPU
		{BDE57590-8BCD-4171-B7ED-50086ABC6E48}.Debug|Any CPU.ActiveCfg = Debug|Any CPU
		{BDE57590-8BCD-4171-B7ED-50086ABC6E48}.Debug|Any CPU.Build.0 = Debug|Any CPU
		{BDE57590-8BCD-4171-B7ED-50086ABC6E48}.Release|Any CPU.ActiveCfg = Release|Any CPU
		{BDE57590-8BCD-4171-B7ED-50086ABC6E48}.Release|Any CPU.Build.0 = Release|Any CPU
		{7A5ED780-79FC-484C-B8C3-93EF748B9470}.Debug|Any CPU.ActiveCfg = Debug|Any CPU
		{7A5ED780-79FC-484C-B8C3-93EF748B9470}.Debug|Any CPU.Build.0 = Debug|Any CPU
		{7A5ED780-79FC-484C-B8C3-93EF748B9470}.Release|Any CPU.ActiveCfg = Release|Any CPU
		{7A5ED780-79FC-484C-B8C3-93EF748B9470}.Release|Any CPU.Build.0 = Release|Any CPU
		{60F71676-5520-4423-A315-B85FE61CD7FA}.Debug|Any CPU.ActiveCfg = Debug|Any CPU
		{60F71676-5520-4423-A315-B85FE61CD7FA}.Debug|Any CPU.Build.0 = Debug|Any CPU
		{60F71676-5520-4423-A315-B85FE61CD7FA}.Release|Any CPU.ActiveCfg = Release|Any CPU
		{60F71676-5520-4423-A315-B85FE61CD7FA}.Release|Any CPU.Build.0 = Release|Any CPU
		{A885B6AF-4E99-4FC2-9E53-9B0AAD2EFD1A}.Debug|Any CPU.ActiveCfg = Debug|Any CPU
		{A885B6AF-4E99-4FC2-9E53-9B0AAD2EFD1A}.Debug|Any CPU.Build.0 = Debug|Any CPU
		{A885B6AF-4E99-4FC2-9E53-9B0AAD2EFD1A}.Release|Any CPU.ActiveCfg = Release|Any CPU
		{A885B6AF-4E99-4FC2-9E53-9B0AAD2EFD1A}.Release|Any CPU.Build.0 = Release|Any CPU
		{F32D4521-20B5-4FE5-B21F-5D58F64C7378}.Debug|Any CPU.ActiveCfg = Debug|Any CPU
		{F32D4521-20B5-4FE5-B21F-5D58F64C7378}.Debug|Any CPU.Build.0 = Debug|Any CPU
		{F32D4521-20B5-4FE5-B21F-5D58F64C7378}.Release|Any CPU.ActiveCfg = Release|Any CPU
		{F32D4521-20B5-4FE5-B21F-5D58F64C7378}.Release|Any CPU.Build.0 = Release|Any CPU
		{E3B623EF-E6CC-4D39-A7A6-2B9145893F6F}.Debug|Any CPU.ActiveCfg = Debug|Any CPU
		{E3B623EF-E6CC-4D39-A7A6-2B9145893F6F}.Debug|Any CPU.Build.0 = Debug|Any CPU
		{E3B623EF-E6CC-4D39-A7A6-2B9145893F6F}.Release|Any CPU.ActiveCfg = Release|Any CPU
		{E3B623EF-E6CC-4D39-A7A6-2B9145893F6F}.Release|Any CPU.Build.0 = Release|Any CPU
		{3DF1BCB1-ED3B-41C0-AD9D-D9111E0EB881}.Debug|Any CPU.ActiveCfg = Debug|Any CPU
		{3DF1BCB1-ED3B-41C0-AD9D-D9111E0EB881}.Debug|Any CPU.Build.0 = Debug|Any CPU
		{3DF1BCB1-ED3B-41C0-AD9D-D9111E0EB881}.Release|Any CPU.ActiveCfg = Release|Any CPU
		{3DF1BCB1-ED3B-41C0-AD9D-D9111E0EB881}.Release|Any CPU.Build.0 = Release|Any CPU
		{26A9DC7A-2647-4A51-8AFE-FDD8695A6503}.Debug|Any CPU.ActiveCfg = Debug|Any CPU
		{26A9DC7A-2647-4A51-8AFE-FDD8695A6503}.Debug|Any CPU.Build.0 = Debug|Any CPU
		{26A9DC7A-2647-4A51-8AFE-FDD8695A6503}.Release|Any CPU.ActiveCfg = Release|Any CPU
		{26A9DC7A-2647-4A51-8AFE-FDD8695A6503}.Release|Any CPU.Build.0 = Release|Any CPU
		{09965A44-683F-41EB-B41E-B3B1B884D60C}.Debug|Any CPU.ActiveCfg = Debug|Any CPU
		{09965A44-683F-41EB-B41E-B3B1B884D60C}.Debug|Any CPU.Build.0 = Debug|Any CPU
		{09965A44-683F-41EB-B41E-B3B1B884D60C}.Release|Any CPU.ActiveCfg = Release|Any CPU
		{09965A44-683F-41EB-B41E-B3B1B884D60C}.Release|Any CPU.Build.0 = Release|Any CPU
		{4098C0A5-5FE8-4519-953D-465C6D45157B}.Debug|Any CPU.ActiveCfg = Debug|Any CPU
		{4098C0A5-5FE8-4519-953D-465C6D45157B}.Debug|Any CPU.Build.0 = Debug|Any CPU
		{4098C0A5-5FE8-4519-953D-465C6D45157B}.Release|Any CPU.ActiveCfg = Release|Any CPU
		{4098C0A5-5FE8-4519-953D-465C6D45157B}.Release|Any CPU.Build.0 = Release|Any CPU
		{E98FBF20-0607-4483-9DEB-7E6611B22281}.Debug|Any CPU.ActiveCfg = Debug|Any CPU
		{E98FBF20-0607-4483-9DEB-7E6611B22281}.Debug|Any CPU.Build.0 = Debug|Any CPU
		{E98FBF20-0607-4483-9DEB-7E6611B22281}.Release|Any CPU.ActiveCfg = Release|Any CPU
		{E98FBF20-0607-4483-9DEB-7E6611B22281}.Release|Any CPU.Build.0 = Release|Any CPU
		{FB3500B9-EF28-4629-AD0B-E8570EBDCC08}.Debug|Any CPU.ActiveCfg = Debug|Any CPU
		{FB3500B9-EF28-4629-AD0B-E8570EBDCC08}.Debug|Any CPU.Build.0 = Debug|Any CPU
		{FB3500B9-EF28-4629-AD0B-E8570EBDCC08}.Release|Any CPU.ActiveCfg = Release|Any CPU
		{FB3500B9-EF28-4629-AD0B-E8570EBDCC08}.Release|Any CPU.Build.0 = Release|Any CPU
		{F9F714B4-E541-4EF9-A8FB-87F9804C34E5}.Debug|Any CPU.ActiveCfg = Debug|Any CPU
		{F9F714B4-E541-4EF9-A8FB-87F9804C34E5}.Debug|Any CPU.Build.0 = Debug|Any CPU
		{F9F714B4-E541-4EF9-A8FB-87F9804C34E5}.Release|Any CPU.ActiveCfg = Release|Any CPU
		{F9F714B4-E541-4EF9-A8FB-87F9804C34E5}.Release|Any CPU.Build.0 = Release|Any CPU
		{C66F0194-537F-4AC2-9110-F270E8714AF1}.Debug|Any CPU.ActiveCfg = Debug|Any CPU
		{C66F0194-537F-4AC2-9110-F270E8714AF1}.Debug|Any CPU.Build.0 = Debug|Any CPU
		{C66F0194-537F-4AC2-9110-F270E8714AF1}.Release|Any CPU.ActiveCfg = Release|Any CPU
		{C66F0194-537F-4AC2-9110-F270E8714AF1}.Release|Any CPU.Build.0 = Release|Any CPU
		{58E1F032-A8D2-4A8F-83A2-24DA2D094A04}.Debug|Any CPU.ActiveCfg = Debug|Any CPU
		{58E1F032-A8D2-4A8F-83A2-24DA2D094A04}.Debug|Any CPU.Build.0 = Debug|Any CPU
		{58E1F032-A8D2-4A8F-83A2-24DA2D094A04}.Release|Any CPU.ActiveCfg = Release|Any CPU
		{58E1F032-A8D2-4A8F-83A2-24DA2D094A04}.Release|Any CPU.Build.0 = Release|Any CPU
		{3FC67A9E-69FD-4AFD-84FF-44F54F1BD9E0}.Debug|Any CPU.ActiveCfg = Debug|Any CPU
		{3FC67A9E-69FD-4AFD-84FF-44F54F1BD9E0}.Debug|Any CPU.Build.0 = Debug|Any CPU
		{3FC67A9E-69FD-4AFD-84FF-44F54F1BD9E0}.Release|Any CPU.ActiveCfg = Release|Any CPU
		{3FC67A9E-69FD-4AFD-84FF-44F54F1BD9E0}.Release|Any CPU.Build.0 = Release|Any CPU
		{134C86B9-2947-4914-B5C7-2EA17D904447}.Debug|Any CPU.ActiveCfg = Debug|Any CPU
		{134C86B9-2947-4914-B5C7-2EA17D904447}.Debug|Any CPU.Build.0 = Debug|Any CPU
		{134C86B9-2947-4914-B5C7-2EA17D904447}.Release|Any CPU.ActiveCfg = Release|Any CPU
		{134C86B9-2947-4914-B5C7-2EA17D904447}.Release|Any CPU.Build.0 = Release|Any CPU
		{445B5C76-5565-496E-8C51-93AC8A08CF71}.Debug|Any CPU.ActiveCfg = Debug|Any CPU
		{445B5C76-5565-496E-8C51-93AC8A08CF71}.Debug|Any CPU.Build.0 = Debug|Any CPU
		{445B5C76-5565-496E-8C51-93AC8A08CF71}.Release|Any CPU.ActiveCfg = Release|Any CPU
		{445B5C76-5565-496E-8C51-93AC8A08CF71}.Release|Any CPU.Build.0 = Release|Any CPU
		{9F94A192-9D61-47FE-A58A-21D972B29EBC}.Debug|Any CPU.ActiveCfg = Debug|Any CPU
		{9F94A192-9D61-47FE-A58A-21D972B29EBC}.Debug|Any CPU.Build.0 = Debug|Any CPU
		{9F94A192-9D61-47FE-A58A-21D972B29EBC}.Release|Any CPU.ActiveCfg = Release|Any CPU
		{9F94A192-9D61-47FE-A58A-21D972B29EBC}.Release|Any CPU.Build.0 = Release|Any CPU
		{D4ABD7AE-BB51-4827-B7AB-5AD80B7E90D8}.Debug|Any CPU.ActiveCfg = Debug|Any CPU
		{D4ABD7AE-BB51-4827-B7AB-5AD80B7E90D8}.Debug|Any CPU.Build.0 = Debug|Any CPU
		{D4ABD7AE-BB51-4827-B7AB-5AD80B7E90D8}.Release|Any CPU.ActiveCfg = Release|Any CPU
		{D4ABD7AE-BB51-4827-B7AB-5AD80B7E90D8}.Release|Any CPU.Build.0 = Release|Any CPU
		{32C0845A-5A73-4740-BA33-92B45DBE93E1}.Debug|Any CPU.ActiveCfg = Debug|Any CPU
		{32C0845A-5A73-4740-BA33-92B45DBE93E1}.Debug|Any CPU.Build.0 = Debug|Any CPU
		{32C0845A-5A73-4740-BA33-92B45DBE93E1}.Release|Any CPU.ActiveCfg = Release|Any CPU
		{32C0845A-5A73-4740-BA33-92B45DBE93E1}.Release|Any CPU.Build.0 = Release|Any CPU
		{DEFE725F-2C41-44F2-96A6-FB5DE5E83119}.Debug|Any CPU.ActiveCfg = Debug|Any CPU
		{DEFE725F-2C41-44F2-96A6-FB5DE5E83119}.Debug|Any CPU.Build.0 = Debug|Any CPU
		{DEFE725F-2C41-44F2-96A6-FB5DE5E83119}.Release|Any CPU.ActiveCfg = Release|Any CPU
		{DEFE725F-2C41-44F2-96A6-FB5DE5E83119}.Release|Any CPU.Build.0 = Release|Any CPU
		{96DE525B-1328-4373-862D-B56DBA9DDF1C}.Debug|Any CPU.ActiveCfg = Debug|Any CPU
		{96DE525B-1328-4373-862D-B56DBA9DDF1C}.Debug|Any CPU.Build.0 = Debug|Any CPU
		{96DE525B-1328-4373-862D-B56DBA9DDF1C}.Release|Any CPU.ActiveCfg = Release|Any CPU
		{96DE525B-1328-4373-862D-B56DBA9DDF1C}.Release|Any CPU.Build.0 = Release|Any CPU
		{8A6D1FAB-5E46-4DFA-997F-DBA504422F3A}.Debug|Any CPU.ActiveCfg = Debug|Any CPU
		{8A6D1FAB-5E46-4DFA-997F-DBA504422F3A}.Debug|Any CPU.Build.0 = Debug|Any CPU
		{8A6D1FAB-5E46-4DFA-997F-DBA504422F3A}.Release|Any CPU.ActiveCfg = Release|Any CPU
		{8A6D1FAB-5E46-4DFA-997F-DBA504422F3A}.Release|Any CPU.Build.0 = Release|Any CPU
	EndGlobalSection
	GlobalSection(SolutionProperties) = preSolution
		HideSolutionNode = FALSE
	EndGlobalSection
	GlobalSection(ExtensibilityGlobals) = postSolution
		SolutionGuid = {56D8D774-5D19-4B8E-AFE4-F1E0ED2601F9}
	EndGlobalSection
EndGlobal
