
Microsoft Visual Studio Solution File, Format Version 12.00
# Visual Studio Version 17
VisualStudioVersion = 17.6.34031.178
MinimumVisualStudioVersion = 10.0.40219.1
Project("{9A19103F-16F7-4668-BE54-9A1E7A4F7556}") = "NumbersEndingIn7", "NumbersEndingIn7\NumbersEndingIn7.csproj", "{055DAA0D-2948-4A43-A492-003B82B349DA}"
EndProject
Project("{9A19103F-16F7-4668-BE54-9A1E7A4F7556}") = "HalfSumElements", "HalfSumElements\HalfSumElements.csproj", "{18BC4269-FCCF-4CED-8987-4A5FFE344852}"
EndProject
Project("{9A19103F-16F7-4668-BE54-9A1E7A4F7556}") = "OldLibrary", "OldLibrary\OldLibrary.csproj", "{F36DDF32-9537-4306-8D16-322CE2951095}"
EndProject
Project("{9A19103F-16F7-4668-BE54-9A1E7A4F7556}") = "ExamPreparation", "ExamPreparation\ExamPreparation.csproj", "{B421A179-E729-4B45-ACE9-7C8CF02F442B}"
EndProject
Project("{9A19103F-16F7-4668-BE54-9A1E7A4F7556}") = "Vacation", "Vacation\Vacation.csproj", "{E7069E27-4880-4BD5-AEB8-1F39E5A1ABA8}"
EndProject
Project("{9A19103F-16F7-4668-BE54-9A1E7A4F7556}") = "Walking", "Walking\Walking.csproj", "{64119B7F-B357-4D01-802A-429B6DEA6CDB}"
EndProject
Project("{9A19103F-16F7-4668-BE54-9A1E7A4F7556}") = "Coins", "Coins\Coins.csproj", "{EE55B360-53AA-4198-9521-538ACC238884}"
EndProject
Project("{9A19103F-16F7-4668-BE54-9A1E7A4F7556}") = "Cake", "Cake\Cake.csproj", "{4299BA8C-535B-413F-BAA7-4D697E28D659}"
EndProject
Project("{9A19103F-16F7-4668-BE54-9A1E7A4F7556}") = "Moving", "Moving\Moving.csproj", "{47351049-F70A-41F7-AB07-876CF434834C}"
EndProject
Project("{9A19103F-16F7-4668-BE54-9A1E7A4F7556}") = "NumberPyramid", "NumberPyramid\NumberPyramid.csproj", "{38A7AAAA-F1FC-4974-B02D-F6B155B07B4C}"
EndProject
Project("{9A19103F-16F7-4668-BE54-9A1E7A4F7556}") = "SumEvenOdd", "SumEvenOdd\SumEvenOdd.csproj", "{F8930332-5D85-46DA-B280-120D3BB686A0}"
EndProject
Project("{9A19103F-16F7-4668-BE54-9A1E7A4F7556}") = "SumPrimeNonprime", "SumPrimeNonprime\SumPrimeNonprime.csproj", "{C0D1BA92-325D-4E59-8DE8-81F12806786E}"
EndProject
Project("{9A19103F-16F7-4668-BE54-9A1E7A4F7556}") = "TrainTheTreners", "TrainTheTreners\TrainTheTreners.csproj", "{4A4A8029-D2D7-4D13-BDDA-D5CCED948B1F}"
EndProject
Project("{9A19103F-16F7-4668-BE54-9A1E7A4F7556}") = "SpecialNumbers", "SpecialNumbers\SpecialNumbers.csproj", "{703AA32B-62E3-47ED-988E-78D4B62FFEA0}"
EndProject
Project("{9A19103F-16F7-4668-BE54-9A1E7A4F7556}") = "CinemaTickets", "CinemaTickets\CinemaTickets.csproj", "{1EA4E4ED-81F3-483A-A03D-BBF1EA74FF0F}"
EndProject
Project("{9A19103F-16F7-4668-BE54-9A1E7A4F7556}") = "NumbersInRange", "NumbersInRange\NumbersInRange.csproj", "{B132783C-1475-4D6E-8FC7-39AD84DF31A1}"
EndProject
Project("{9A19103F-16F7-4668-BE54-9A1E7A4F7556}") = "FirstNnumbersSum", "FirstNnumbersSum\FirstNnumbersSum.csproj", "{6951F734-E1A7-4F60-B4D7-38FB74BC5F65}"
EndProject
Project("{9A19103F-16F7-4668-BE54-9A1E7A4F7556}") = "SumNumbers", "SumNumbers\SumNumbers.csproj", "{B63290B9-BA26-4E20-A979-595A08254FCE}"
EndProject
Project("{9A19103F-16F7-4668-BE54-9A1E7A4F7556}") = "NumbersOver3", "NumbersOver3\NumbersOver3.csproj", "{14EF6DA7-5422-4B1D-AD31-F495D0E4C6DB}"
EndProject
Project("{9A19103F-16F7-4668-BE54-9A1E7A4F7556}") = "ExamCountdown", "ExamCountdown\ExamCountdown.csproj", "{39088383-A927-46ED-BC95-485E53958212}"
EndProject
Project("{9A19103F-16F7-4668-BE54-9A1E7A4F7556}") = "LatinLetters", "LatinLetters\LatinLetters.csproj", "{CF318D52-C53A-4CDC-AC16-95FC8DD094D2}"
EndProject
Project("{9A19103F-16F7-4668-BE54-9A1E7A4F7556}") = "DecreasingNumbers", "DecreasingNumbers\DecreasingNumbers.csproj", "{2ADB5FF5-1808-43CE-B58B-29056B07A9A3}"
EndProject
Project("{9A19103F-16F7-4668-BE54-9A1E7A4F7556}") = "OddNumber", "OddNumber\OddNumber.csproj", "{C1214DE7-B301-4E35-83A6-1225270F7B30}"
EndProject
Project("{9A19103F-16F7-4668-BE54-9A1E7A4F7556}") = "Sequence2k+1", "Sequence2k+1\Sequence2k+1.csproj", "{6CBA1C6A-2F85-4DB7-9442-2984094DDDC6}"
EndProject
Project("{9A19103F-16F7-4668-BE54-9A1E7A4F7556}") = "SumDigits", "SumDigits\SumDigits.csproj", "{FFE28AE3-316A-4E23-B861-43BEA085AEA4}"
EndProject
Project("{9A19103F-16F7-4668-BE54-9A1E7A4F7556}") = "NumberInRange", "NumberInRange\NumberInRange.csproj", "{499EDFC4-404C-484E-B603-10626076A60A}"
EndProject
Project("{9A19103F-16F7-4668-BE54-9A1E7A4F7556}") = "NumberProcessor", "NumberProcessor\NumberProcessor.csproj", "{3B1F298F-160B-4B66-B698-BFB222BE308D}"
EndProject
Project("{FAE04EC0-301F-11D3-BF4B-00C04F79EFBC}") = "AccountBalance", "AccountBalance\AccountBalance.csproj", "{F8F5E041-1C7C-4B22-AD67-24C2F90D7CBD}"
EndProject
Project("{FAE04EC0-301F-11D3-BF4B-00C04F79EFBC}") = "SpecialBonus", "SpecialBonus\SpecialBonus.csproj", "{C9129A6F-A166-4125-8556-AE8442F52CD6}"
EndProject
Project("{FAE04EC0-301F-11D3-BF4B-00C04F79EFBC}") = "SpecialNumber", "SpecialNumber\SpecialNumber.csproj", "{B4790A13-FB46-4651-A775-BD9528A089E6}"
EndProject
Project("{FAE04EC0-301F-11D3-BF4B-00C04F79EFBC}") = "Divisions", "Divisions\Divisions.csproj", "{CFE63E9A-E049-438A-B1BE-C6B0405279FB}"
EndProject
Project("{FAE04EC0-301F-11D3-BF4B-00C04F79EFBC}") = "VowelSum", "VowelSum\VowelSum.csproj", "{D69E5716-4960-4533-927E-D3703533CFC6}"
EndProject
Project("{FAE04EC0-301F-11D3-BF4B-00C04F79EFBC}") = "BiggestNumber", "BiggestNumber\BiggestNumber.csproj", "{943F084A-3561-4A55-A1B4-F760E8FF5E5B}"
EndProject
Project("{FAE04EC0-301F-11D3-BF4B-00C04F79EFBC}") = "MultiplicationTable", "MultiplicationTable\MultiplicationTable.csproj", "{4118B110-14BB-4183-8033-053974504C3A}"
EndProject
Project("{FAE04EC0-301F-11D3-BF4B-00C04F79EFBC}") = "PowerOfNumber", "PowerOfNumber\PowerOfNumber.csproj", "{87A96913-74F8-4C26-A7BC-ADAC965360B6}"
EndProject
Project("{FAE04EC0-301F-11D3-BF4B-00C04F79EFBC}") = "PrimeNumbers", "PrimeNumbers\PrimeNumbers.csproj", "{96A8A115-3B38-4867-952B-8786A5F55CCC}"
EndProject
Project("{FAE04EC0-301F-11D3-BF4B-00C04F79EFBC}") = "SumOfDigitsCalculator", "SumOfDigitsCalculator\SumOfDigitsCalculator.csproj", "{3EFEF4B2-CCDE-4810-B075-54EFCAF2855B}"
EndProject
Project("{FAE04EC0-301F-11D3-BF4B-00C04F79EFBC}") = "TravelSavings", "TravelSavings\TravelSavings.csproj", "{57297F68-AB24-4446-A1DD-3A4DCF40D372}"
EndProject
Project("{FAE04EC0-301F-11D3-BF4B-00C04F79EFBC}") = "Building", "Building\Building.csproj", "{BA93B271-A321-4378-B050-89F3B39AF633}"
EndProject
Project("{FAE04EC0-301F-11D3-BF4B-00C04F79EFBC}") = "TriangleOfStars", "TriangleOfStars\TriangleOfStars.csproj", "{25F4A2CB-EA63-4B5B-A5BC-05EE08CA1CAD}"
EndProject
Project("{FAE04EC0-301F-11D3-BF4B-00C04F79EFBC}") = "EvenPowerOf2", "EvenPowerOf2\EvenPowerOf2.csproj", "{F225AC94-08A0-482E-8597-C5C58D99BFD6}"
EndProject
Project("{FAE04EC0-301F-11D3-BF4B-00C04F79EFBC}") = "NumbersFromNto1", "NumbersFromNto1\NumbersFromNto1.csproj", "{2A715456-0B2E-4A69-964A-7AAB11D27730}"
EndProject
Global
	GlobalSection(SolutionConfigurationPlatforms) = preSolution
		Debug|Any CPU = Debug|Any CPU
		Release|Any CPU = Release|Any CPU
	EndGlobalSection
	GlobalSection(ProjectConfigurationPlatforms) = postSolution
		{055DAA0D-2948-4A43-A492-003B82B349DA}.Debug|Any CPU.ActiveCfg = Debug|Any CPU
		{055DAA0D-2948-4A43-A492-003B82B349DA}.Debug|Any CPU.Build.0 = Debug|Any CPU
		{055DAA0D-2948-4A43-A492-003B82B349DA}.Release|Any CPU.ActiveCfg = Release|Any CPU
		{055DAA0D-2948-4A43-A492-003B82B349DA}.Release|Any CPU.Build.0 = Release|Any CPU
		{18BC4269-FCCF-4CED-8987-4A5FFE344852}.Debug|Any CPU.ActiveCfg = Debug|Any CPU
		{18BC4269-FCCF-4CED-8987-4A5FFE344852}.Debug|Any CPU.Build.0 = Debug|Any CPU
		{18BC4269-FCCF-4CED-8987-4A5FFE344852}.Release|Any CPU.ActiveCfg = Release|Any CPU
		{18BC4269-FCCF-4CED-8987-4A5FFE344852}.Release|Any CPU.Build.0 = Release|Any CPU
		{F36DDF32-9537-4306-8D16-322CE2951095}.Debug|Any CPU.ActiveCfg = Debug|Any CPU
		{F36DDF32-9537-4306-8D16-322CE2951095}.Debug|Any CPU.Build.0 = Debug|Any CPU
		{F36DDF32-9537-4306-8D16-322CE2951095}.Release|Any CPU.ActiveCfg = Release|Any CPU
		{F36DDF32-9537-4306-8D16-322CE2951095}.Release|Any CPU.Build.0 = Release|Any CPU
		{B421A179-E729-4B45-ACE9-7C8CF02F442B}.Debug|Any CPU.ActiveCfg = Debug|Any CPU
		{B421A179-E729-4B45-ACE9-7C8CF02F442B}.Debug|Any CPU.Build.0 = Debug|Any CPU
		{B421A179-E729-4B45-ACE9-7C8CF02F442B}.Release|Any CPU.ActiveCfg = Release|Any CPU
		{B421A179-E729-4B45-ACE9-7C8CF02F442B}.Release|Any CPU.Build.0 = Release|Any CPU
		{E7069E27-4880-4BD5-AEB8-1F39E5A1ABA8}.Debug|Any CPU.ActiveCfg = Debug|Any CPU
		{E7069E27-4880-4BD5-AEB8-1F39E5A1ABA8}.Debug|Any CPU.Build.0 = Debug|Any CPU
		{E7069E27-4880-4BD5-AEB8-1F39E5A1ABA8}.Release|Any CPU.ActiveCfg = Release|Any CPU
		{E7069E27-4880-4BD5-AEB8-1F39E5A1ABA8}.Release|Any CPU.Build.0 = Release|Any CPU
		{64119B7F-B357-4D01-802A-429B6DEA6CDB}.Debug|Any CPU.ActiveCfg = Debug|Any CPU
		{64119B7F-B357-4D01-802A-429B6DEA6CDB}.Debug|Any CPU.Build.0 = Debug|Any CPU
		{64119B7F-B357-4D01-802A-429B6DEA6CDB}.Release|Any CPU.ActiveCfg = Release|Any CPU
		{64119B7F-B357-4D01-802A-429B6DEA6CDB}.Release|Any CPU.Build.0 = Release|Any CPU
		{EE55B360-53AA-4198-9521-538ACC238884}.Debug|Any CPU.ActiveCfg = Debug|Any CPU
		{EE55B360-53AA-4198-9521-538ACC238884}.Debug|Any CPU.Build.0 = Debug|Any CPU
		{EE55B360-53AA-4198-9521-538ACC238884}.Release|Any CPU.ActiveCfg = Release|Any CPU
		{EE55B360-53AA-4198-9521-538ACC238884}.Release|Any CPU.Build.0 = Release|Any CPU
		{4299BA8C-535B-413F-BAA7-4D697E28D659}.Debug|Any CPU.ActiveCfg = Debug|Any CPU
		{4299BA8C-535B-413F-BAA7-4D697E28D659}.Debug|Any CPU.Build.0 = Debug|Any CPU
		{4299BA8C-535B-413F-BAA7-4D697E28D659}.Release|Any CPU.ActiveCfg = Release|Any CPU
		{4299BA8C-535B-413F-BAA7-4D697E28D659}.Release|Any CPU.Build.0 = Release|Any CPU
		{47351049-F70A-41F7-AB07-876CF434834C}.Debug|Any CPU.ActiveCfg = Debug|Any CPU
		{47351049-F70A-41F7-AB07-876CF434834C}.Debug|Any CPU.Build.0 = Debug|Any CPU
		{47351049-F70A-41F7-AB07-876CF434834C}.Release|Any CPU.ActiveCfg = Release|Any CPU
		{47351049-F70A-41F7-AB07-876CF434834C}.Release|Any CPU.Build.0 = Release|Any CPU
		{38A7AAAA-F1FC-4974-B02D-F6B155B07B4C}.Debug|Any CPU.ActiveCfg = Debug|Any CPU
		{38A7AAAA-F1FC-4974-B02D-F6B155B07B4C}.Debug|Any CPU.Build.0 = Debug|Any CPU
		{38A7AAAA-F1FC-4974-B02D-F6B155B07B4C}.Release|Any CPU.ActiveCfg = Release|Any CPU
		{38A7AAAA-F1FC-4974-B02D-F6B155B07B4C}.Release|Any CPU.Build.0 = Release|Any CPU
		{F8930332-5D85-46DA-B280-120D3BB686A0}.Debug|Any CPU.ActiveCfg = Debug|Any CPU
		{F8930332-5D85-46DA-B280-120D3BB686A0}.Debug|Any CPU.Build.0 = Debug|Any CPU
		{F8930332-5D85-46DA-B280-120D3BB686A0}.Release|Any CPU.ActiveCfg = Release|Any CPU
		{F8930332-5D85-46DA-B280-120D3BB686A0}.Release|Any CPU.Build.0 = Release|Any CPU
		{C0D1BA92-325D-4E59-8DE8-81F12806786E}.Debug|Any CPU.ActiveCfg = Debug|Any CPU
		{C0D1BA92-325D-4E59-8DE8-81F12806786E}.Debug|Any CPU.Build.0 = Debug|Any CPU
		{C0D1BA92-325D-4E59-8DE8-81F12806786E}.Release|Any CPU.ActiveCfg = Release|Any CPU
		{C0D1BA92-325D-4E59-8DE8-81F12806786E}.Release|Any CPU.Build.0 = Release|Any CPU
		{4A4A8029-D2D7-4D13-BDDA-D5CCED948B1F}.Debug|Any CPU.ActiveCfg = Debug|Any CPU
		{4A4A8029-D2D7-4D13-BDDA-D5CCED948B1F}.Debug|Any CPU.Build.0 = Debug|Any CPU
		{4A4A8029-D2D7-4D13-BDDA-D5CCED948B1F}.Release|Any CPU.ActiveCfg = Release|Any CPU
		{4A4A8029-D2D7-4D13-BDDA-D5CCED948B1F}.Release|Any CPU.Build.0 = Release|Any CPU
		{703AA32B-62E3-47ED-988E-78D4B62FFEA0}.Debug|Any CPU.ActiveCfg = Debug|Any CPU
		{703AA32B-62E3-47ED-988E-78D4B62FFEA0}.Debug|Any CPU.Build.0 = Debug|Any CPU
		{703AA32B-62E3-47ED-988E-78D4B62FFEA0}.Release|Any CPU.ActiveCfg = Release|Any CPU
		{703AA32B-62E3-47ED-988E-78D4B62FFEA0}.Release|Any CPU.Build.0 = Release|Any CPU
		{1EA4E4ED-81F3-483A-A03D-BBF1EA74FF0F}.Debug|Any CPU.ActiveCfg = Debug|Any CPU
		{1EA4E4ED-81F3-483A-A03D-BBF1EA74FF0F}.Debug|Any CPU.Build.0 = Debug|Any CPU
		{1EA4E4ED-81F3-483A-A03D-BBF1EA74FF0F}.Release|Any CPU.ActiveCfg = Release|Any CPU
		{1EA4E4ED-81F3-483A-A03D-BBF1EA74FF0F}.Release|Any CPU.Build.0 = Release|Any CPU
		{B132783C-1475-4D6E-8FC7-39AD84DF31A1}.Debug|Any CPU.ActiveCfg = Debug|Any CPU
		{B132783C-1475-4D6E-8FC7-39AD84DF31A1}.Debug|Any CPU.Build.0 = Debug|Any CPU
		{B132783C-1475-4D6E-8FC7-39AD84DF31A1}.Release|Any CPU.ActiveCfg = Release|Any CPU
		{B132783C-1475-4D6E-8FC7-39AD84DF31A1}.Release|Any CPU.Build.0 = Release|Any CPU
		{6951F734-E1A7-4F60-B4D7-38FB74BC5F65}.Debug|Any CPU.ActiveCfg = Debug|Any CPU
		{6951F734-E1A7-4F60-B4D7-38FB74BC5F65}.Debug|Any CPU.Build.0 = Debug|Any CPU
		{6951F734-E1A7-4F60-B4D7-38FB74BC5F65}.Release|Any CPU.ActiveCfg = Release|Any CPU
		{6951F734-E1A7-4F60-B4D7-38FB74BC5F65}.Release|Any CPU.Build.0 = Release|Any CPU
		{B63290B9-BA26-4E20-A979-595A08254FCE}.Debug|Any CPU.ActiveCfg = Debug|Any CPU
		{B63290B9-BA26-4E20-A979-595A08254FCE}.Debug|Any CPU.Build.0 = Debug|Any CPU
		{B63290B9-BA26-4E20-A979-595A08254FCE}.Release|Any CPU.ActiveCfg = Release|Any CPU
		{B63290B9-BA26-4E20-A979-595A08254FCE}.Release|Any CPU.Build.0 = Release|Any CPU
		{14EF6DA7-5422-4B1D-AD31-F495D0E4C6DB}.Debug|Any CPU.ActiveCfg = Debug|Any CPU
		{14EF6DA7-5422-4B1D-AD31-F495D0E4C6DB}.Debug|Any CPU.Build.0 = Debug|Any CPU
		{14EF6DA7-5422-4B1D-AD31-F495D0E4C6DB}.Release|Any CPU.ActiveCfg = Release|Any CPU
		{14EF6DA7-5422-4B1D-AD31-F495D0E4C6DB}.Release|Any CPU.Build.0 = Release|Any CPU
		{39088383-A927-46ED-BC95-485E53958212}.Debug|Any CPU.ActiveCfg = Debug|Any CPU
		{39088383-A927-46ED-BC95-485E53958212}.Debug|Any CPU.Build.0 = Debug|Any CPU
		{39088383-A927-46ED-BC95-485E53958212}.Release|Any CPU.ActiveCfg = Release|Any CPU
		{39088383-A927-46ED-BC95-485E53958212}.Release|Any CPU.Build.0 = Release|Any CPU
		{CF318D52-C53A-4CDC-AC16-95FC8DD094D2}.Debug|Any CPU.ActiveCfg = Debug|Any CPU
		{CF318D52-C53A-4CDC-AC16-95FC8DD094D2}.Debug|Any CPU.Build.0 = Debug|Any CPU
		{CF318D52-C53A-4CDC-AC16-95FC8DD094D2}.Release|Any CPU.ActiveCfg = Release|Any CPU
		{CF318D52-C53A-4CDC-AC16-95FC8DD094D2}.Release|Any CPU.Build.0 = Release|Any CPU
		{2ADB5FF5-1808-43CE-B58B-29056B07A9A3}.Debug|Any CPU.ActiveCfg = Debug|Any CPU
		{2ADB5FF5-1808-43CE-B58B-29056B07A9A3}.Debug|Any CPU.Build.0 = Debug|Any CPU
		{2ADB5FF5-1808-43CE-B58B-29056B07A9A3}.Release|Any CPU.ActiveCfg = Release|Any CPU
		{2ADB5FF5-1808-43CE-B58B-29056B07A9A3}.Release|Any CPU.Build.0 = Release|Any CPU
		{C1214DE7-B301-4E35-83A6-1225270F7B30}.Debug|Any CPU.ActiveCfg = Debug|Any CPU
		{C1214DE7-B301-4E35-83A6-1225270F7B30}.Debug|Any CPU.Build.0 = Debug|Any CPU
		{C1214DE7-B301-4E35-83A6-1225270F7B30}.Release|Any CPU.ActiveCfg = Release|Any CPU
		{C1214DE7-B301-4E35-83A6-1225270F7B30}.Release|Any CPU.Build.0 = Release|Any CPU
		{6CBA1C6A-2F85-4DB7-9442-2984094DDDC6}.Debug|Any CPU.ActiveCfg = Debug|Any CPU
		{6CBA1C6A-2F85-4DB7-9442-2984094DDDC6}.Debug|Any CPU.Build.0 = Debug|Any CPU
		{6CBA1C6A-2F85-4DB7-9442-2984094DDDC6}.Release|Any CPU.ActiveCfg = Release|Any CPU
		{6CBA1C6A-2F85-4DB7-9442-2984094DDDC6}.Release|Any CPU.Build.0 = Release|Any CPU
		{FFE28AE3-316A-4E23-B861-43BEA085AEA4}.Debug|Any CPU.ActiveCfg = Debug|Any CPU
		{FFE28AE3-316A-4E23-B861-43BEA085AEA4}.Debug|Any CPU.Build.0 = Debug|Any CPU
		{FFE28AE3-316A-4E23-B861-43BEA085AEA4}.Release|Any CPU.ActiveCfg = Release|Any CPU
		{FFE28AE3-316A-4E23-B861-43BEA085AEA4}.Release|Any CPU.Build.0 = Release|Any CPU
		{499EDFC4-404C-484E-B603-10626076A60A}.Debug|Any CPU.ActiveCfg = Debug|Any CPU
		{499EDFC4-404C-484E-B603-10626076A60A}.Debug|Any CPU.Build.0 = Debug|Any CPU
		{499EDFC4-404C-484E-B603-10626076A60A}.Release|Any CPU.ActiveCfg = Release|Any CPU
		{499EDFC4-404C-484E-B603-10626076A60A}.Release|Any CPU.Build.0 = Release|Any CPU
		{3B1F298F-160B-4B66-B698-BFB222BE308D}.Debug|Any CPU.ActiveCfg = Debug|Any CPU
		{3B1F298F-160B-4B66-B698-BFB222BE308D}.Debug|Any CPU.Build.0 = Debug|Any CPU
		{3B1F298F-160B-4B66-B698-BFB222BE308D}.Release|Any CPU.ActiveCfg = Release|Any CPU
		{3B1F298F-160B-4B66-B698-BFB222BE308D}.Release|Any CPU.Build.0 = Release|Any CPU
		{F8F5E041-1C7C-4B22-AD67-24C2F90D7CBD}.Debug|Any CPU.ActiveCfg = Debug|Any CPU
		{F8F5E041-1C7C-4B22-AD67-24C2F90D7CBD}.Debug|Any CPU.Build.0 = Debug|Any CPU
		{F8F5E041-1C7C-4B22-AD67-24C2F90D7CBD}.Release|Any CPU.ActiveCfg = Release|Any CPU
		{F8F5E041-1C7C-4B22-AD67-24C2F90D7CBD}.Release|Any CPU.Build.0 = Release|Any CPU
		{C9129A6F-A166-4125-8556-AE8442F52CD6}.Debug|Any CPU.ActiveCfg = Debug|Any CPU
		{C9129A6F-A166-4125-8556-AE8442F52CD6}.Debug|Any CPU.Build.0 = Debug|Any CPU
		{C9129A6F-A166-4125-8556-AE8442F52CD6}.Release|Any CPU.ActiveCfg = Release|Any CPU
		{C9129A6F-A166-4125-8556-AE8442F52CD6}.Release|Any CPU.Build.0 = Release|Any CPU
		{B4790A13-FB46-4651-A775-BD9528A089E6}.Debug|Any CPU.ActiveCfg = Debug|Any CPU
		{B4790A13-FB46-4651-A775-BD9528A089E6}.Debug|Any CPU.Build.0 = Debug|Any CPU
		{B4790A13-FB46-4651-A775-BD9528A089E6}.Release|Any CPU.ActiveCfg = Release|Any CPU
		{B4790A13-FB46-4651-A775-BD9528A089E6}.Release|Any CPU.Build.0 = Release|Any CPU
		{CFE63E9A-E049-438A-B1BE-C6B0405279FB}.Debug|Any CPU.ActiveCfg = Debug|Any CPU
		{CFE63E9A-E049-438A-B1BE-C6B0405279FB}.Debug|Any CPU.Build.0 = Debug|Any CPU
		{CFE63E9A-E049-438A-B1BE-C6B0405279FB}.Release|Any CPU.ActiveCfg = Release|Any CPU
		{CFE63E9A-E049-438A-B1BE-C6B0405279FB}.Release|Any CPU.Build.0 = Release|Any CPU
		{D69E5716-4960-4533-927E-D3703533CFC6}.Debug|Any CPU.ActiveCfg = Debug|Any CPU
		{D69E5716-4960-4533-927E-D3703533CFC6}.Debug|Any CPU.Build.0 = Debug|Any CPU
		{D69E5716-4960-4533-927E-D3703533CFC6}.Release|Any CPU.ActiveCfg = Release|Any CPU
		{D69E5716-4960-4533-927E-D3703533CFC6}.Release|Any CPU.Build.0 = Release|Any CPU
		{943F084A-3561-4A55-A1B4-F760E8FF5E5B}.Debug|Any CPU.ActiveCfg = Debug|Any CPU
		{943F084A-3561-4A55-A1B4-F760E8FF5E5B}.Debug|Any CPU.Build.0 = Debug|Any CPU
		{943F084A-3561-4A55-A1B4-F760E8FF5E5B}.Release|Any CPU.ActiveCfg = Release|Any CPU
		{943F084A-3561-4A55-A1B4-F760E8FF5E5B}.Release|Any CPU.Build.0 = Release|Any CPU
		{4118B110-14BB-4183-8033-053974504C3A}.Debug|Any CPU.ActiveCfg = Debug|Any CPU
		{4118B110-14BB-4183-8033-053974504C3A}.Debug|Any CPU.Build.0 = Debug|Any CPU
		{4118B110-14BB-4183-8033-053974504C3A}.Release|Any CPU.ActiveCfg = Release|Any CPU
		{4118B110-14BB-4183-8033-053974504C3A}.Release|Any CPU.Build.0 = Release|Any CPU
		{87A96913-74F8-4C26-A7BC-ADAC965360B6}.Debug|Any CPU.ActiveCfg = Debug|Any CPU
		{87A96913-74F8-4C26-A7BC-ADAC965360B6}.Debug|Any CPU.Build.0 = Debug|Any CPU
		{87A96913-74F8-4C26-A7BC-ADAC965360B6}.Release|Any CPU.ActiveCfg = Release|Any CPU
		{87A96913-74F8-4C26-A7BC-ADAC965360B6}.Release|Any CPU.Build.0 = Release|Any CPU
		{96A8A115-3B38-4867-952B-8786A5F55CCC}.Debug|Any CPU.ActiveCfg = Debug|Any CPU
		{96A8A115-3B38-4867-952B-8786A5F55CCC}.Debug|Any CPU.Build.0 = Debug|Any CPU
		{96A8A115-3B38-4867-952B-8786A5F55CCC}.Release|Any CPU.ActiveCfg = Release|Any CPU
		{96A8A115-3B38-4867-952B-8786A5F55CCC}.Release|Any CPU.Build.0 = Release|Any CPU
		{3EFEF4B2-CCDE-4810-B075-54EFCAF2855B}.Debug|Any CPU.ActiveCfg = Debug|Any CPU
		{3EFEF4B2-CCDE-4810-B075-54EFCAF2855B}.Debug|Any CPU.Build.0 = Debug|Any CPU
		{3EFEF4B2-CCDE-4810-B075-54EFCAF2855B}.Release|Any CPU.ActiveCfg = Release|Any CPU
		{3EFEF4B2-CCDE-4810-B075-54EFCAF2855B}.Release|Any CPU.Build.0 = Release|Any CPU
		{57297F68-AB24-4446-A1DD-3A4DCF40D372}.Debug|Any CPU.ActiveCfg = Debug|Any CPU
		{57297F68-AB24-4446-A1DD-3A4DCF40D372}.Debug|Any CPU.Build.0 = Debug|Any CPU
		{57297F68-AB24-4446-A1DD-3A4DCF40D372}.Release|Any CPU.ActiveCfg = Release|Any CPU
		{57297F68-AB24-4446-A1DD-3A4DCF40D372}.Release|Any CPU.Build.0 = Release|Any CPU
		{BA93B271-A321-4378-B050-89F3B39AF633}.Debug|Any CPU.ActiveCfg = Debug|Any CPU
		{BA93B271-A321-4378-B050-89F3B39AF633}.Debug|Any CPU.Build.0 = Debug|Any CPU
		{BA93B271-A321-4378-B050-89F3B39AF633}.Release|Any CPU.ActiveCfg = Release|Any CPU
		{BA93B271-A321-4378-B050-89F3B39AF633}.Release|Any CPU.Build.0 = Release|Any CPU
		{25F4A2CB-EA63-4B5B-A5BC-05EE08CA1CAD}.Debug|Any CPU.ActiveCfg = Debug|Any CPU
		{25F4A2CB-EA63-4B5B-A5BC-05EE08CA1CAD}.Debug|Any CPU.Build.0 = Debug|Any CPU
		{25F4A2CB-EA63-4B5B-A5BC-05EE08CA1CAD}.Release|Any CPU.ActiveCfg = Release|Any CPU
		{25F4A2CB-EA63-4B5B-A5BC-05EE08CA1CAD}.Release|Any CPU.Build.0 = Release|Any CPU
		{F225AC94-08A0-482E-8597-C5C58D99BFD6}.Debug|Any CPU.ActiveCfg = Debug|Any CPU
		{F225AC94-08A0-482E-8597-C5C58D99BFD6}.Debug|Any CPU.Build.0 = Debug|Any CPU
		{F225AC94-08A0-482E-8597-C5C58D99BFD6}.Release|Any CPU.ActiveCfg = Release|Any CPU
		{F225AC94-08A0-482E-8597-C5C58D99BFD6}.Release|Any CPU.Build.0 = Release|Any CPU
		{2A715456-0B2E-4A69-964A-7AAB11D27730}.Debug|Any CPU.ActiveCfg = Debug|Any CPU
		{2A715456-0B2E-4A69-964A-7AAB11D27730}.Debug|Any CPU.Build.0 = Debug|Any CPU
		{2A715456-0B2E-4A69-964A-7AAB11D27730}.Release|Any CPU.ActiveCfg = Release|Any CPU
		{2A715456-0B2E-4A69-964A-7AAB11D27730}.Release|Any CPU.Build.0 = Release|Any CPU
	EndGlobalSection
	GlobalSection(SolutionProperties) = preSolution
		HideSolutionNode = FALSE
	EndGlobalSection
	GlobalSection(ExtensibilityGlobals) = postSolution
		SolutionGuid = {50B838D8-D8A1-49AE-ADC8-F20F24B6F100}
	EndGlobalSection
EndGlobal
