
Microsoft Visual Studio Solution File, Format Version 12.00
# Visual Studio Version 17
VisualStudioVersion = 17.6.34221.33
MinimumVisualStudioVersion = 10.0.40219.1
Project("{FAE04EC0-301F-11D3-BF4B-00C04F79EFBC}") = "Rotations", "Rotations\Rotations.csproj", "{DAA57EA9-C161-4CAF-A9D5-1533734031E7}"
EndProject
Project("{FAE04EC0-301F-11D3-BF4B-00C04F79EFBC}") = "CalculateAverageGrade", "CalculateAverageGrade\CalculateAverageGrade.csproj", "{D003D8A5-C1B1-48A8-89B4-CD7223E57043}"
EndProject
Global
	GlobalSection(SolutionConfigurationPlatforms) = preSolution
		Debug|Any CPU = Debug|Any CPU
		Release|Any CPU = Release|Any CPU
	EndGlobalSection
	GlobalSection(ProjectConfigurationPlatforms) = postSolution
		{DAA57EA9-C161-4CAF-A9D5-1533734031E7}.Debug|Any CPU.ActiveCfg = Debug|Any CPU
		{DAA57EA9-C161-4CAF-A9D5-1533734031E7}.Debug|Any CPU.Build.0 = Debug|Any CPU
		{DAA57EA9-C161-4CAF-A9D5-1533734031E7}.Release|Any CPU.ActiveCfg = Release|Any CPU
		{DAA57EA9-C161-4CAF-A9D5-1533734031E7}.Release|Any CPU.Build.0 = Release|Any CPU
		{D003D8A5-C1B1-48A8-89B4-CD7223E57043}.Debug|Any CPU.ActiveCfg = Debug|Any CPU
		{D003D8A5-C1B1-48A8-89B4-CD7223E57043}.Debug|Any CPU.Build.0 = Debug|Any CPU
		{D003D8A5-C1B1-48A8-89B4-CD7223E57043}.Release|Any CPU.ActiveCfg = Release|Any CPU
		{D003D8A5-C1B1-48A8-89B4-CD7223E57043}.Release|Any CPU.Build.0 = Release|Any CPU
	EndGlobalSection
	GlobalSection(SolutionProperties) = preSolution
		HideSolutionNode = FALSE
	EndGlobalSection
	GlobalSection(ExtensibilityGlobals) = postSolution
		SolutionGuid = {F31BAAE5-4FC2-4313-A822-CBED7F5BEAA3}
	EndGlobalSection
EndGlobal
