
Microsoft Visual Studio Solution File, Format Version 12.00
# Visual Studio Version 17
VisualStudioVersion = 17.6.34302.98
MinimumVisualStudioVersion = 10.0.40219.1
Project("{FAE04EC0-301F-11D3-BF4B-00C04F79EFBC}") = "CarManufacturer", "CarManufacturer\CarManufacturer.csproj", "{D1C3CB63-6DAC-4473-BD12-4D07D3D610D0}"
EndProject
Global
	GlobalSection(SolutionConfigurationPlatforms) = preSolution
		Debug|Any CPU = Debug|Any CPU
		Release|Any CPU = Release|Any CPU
	EndGlobalSection
	GlobalSection(ProjectConfigurationPlatforms) = postSolution
		{D1C3CB63-6DAC-4473-BD12-4D07D3D610D0}.Debug|Any CPU.ActiveCfg = Debug|Any CPU
		{D1C3CB63-6DAC-4473-BD12-4D07D3D610D0}.Debug|Any CPU.Build.0 = Debug|Any CPU
		{D1C3CB63-6DAC-4473-BD12-4D07D3D610D0}.Release|Any CPU.ActiveCfg = Release|Any CPU
		{D1C3CB63-6DAC-4473-BD12-4D07D3D610D0}.Release|Any CPU.Build.0 = Release|Any CPU
	EndGlobalSection
	GlobalSection(SolutionProperties) = preSolution
		HideSolutionNode = FALSE
	EndGlobalSection
	GlobalSection(ExtensibilityGlobals) = postSolution
		SolutionGuid = {4C7FE79F-6AAF-43C4-9698-8CDE58280FB2}
	EndGlobalSection
EndGlobal
