
Microsoft Visual Studio Solution File, Format Version 12.00
# Visual Studio Version 17
VisualStudioVersion = 17.6.34031.178
MinimumVisualStudioVersion = 10.0.40219.1
Project("{9A19103F-16F7-4668-BE54-9A1E7A4F7556}") = "Cinema", "Cinema\Cinema.csproj", "{5B3F23DE-4954-49DD-9AA6-2511FFB75EE7}"
EndProject
Project("{9A19103F-16F7-4668-BE54-9A1E7A4F7556}") = "SummerClothing", "SummerClothing\SummerClothing.csproj", "{60250587-AC7E-4CA7-97CA-96D0BF43BF7D}"
EndProject
Project("{9A19103F-16F7-4668-BE54-9A1E7A4F7556}") = "NewHome", "NewHome\NewHome.csproj", "{51206ADA-39E3-4E94-B933-25525DE961BB}"
EndProject
Project("{9A19103F-16F7-4668-BE54-9A1E7A4F7556}") = "SkiHoliday", "SkiHoliday\SkiHoliday.csproj", "{D24E7593-A0DB-4E7E-A921-3834C4440997}"
EndProject
Project("{9A19103F-16F7-4668-BE54-9A1E7A4F7556}") = "FishingBoat", "FishingBoat\FishingBoat.csproj", "{5B73E1E0-014A-4210-A65C-A270ECE8792B}"
EndProject
Project("{9A19103F-16F7-4668-BE54-9A1E7A4F7556}") = "Journey", "Jurney\Journey.csproj", "{E133A97B-20FF-437E-9D24-9266E35A0D65}"
EndProject
Project("{9A19103F-16F7-4668-BE54-9A1E7A4F7556}") = "Operations", "Operations\Operations.csproj", "{3F5539EE-1C6A-4E15-B58E-81A76A5FCB70}"
EndProject
Project("{9A19103F-16F7-4668-BE54-9A1E7A4F7556}") = "HotelRoom", "HotelRoom\HotelRoom.csproj", "{F13683B6-EBB2-48EA-AF64-FE488008E9B8}"
EndProject
Project("{9A19103F-16F7-4668-BE54-9A1E7A4F7556}") = "OnTimeForExam", "OnTimeForExam\OnTimeForExam.csproj", "{660265BC-453B-470C-912C-2E4C3ECDA18E}"
EndProject
Project("{9A19103F-16F7-4668-BE54-9A1E7A4F7556}") = "Dishwasher", "Dishwasher\Dishwasher.csproj", "{92329605-07F7-4F7C-8C21-9288DBE92095}"
EndProject
Project("{9A19103F-16F7-4668-BE54-9A1E7A4F7556}") = "Hospitals", "Hospitals\Hospitals.csproj", "{518CB06C-CAA6-42C7-A1D3-7EB3C72E8AD3}"
EndProject
Project("{9A19103F-16F7-4668-BE54-9A1E7A4F7556}") = "AverageNumber", "AverageNumber\AverageNumber.csproj", "{0C32D435-32D8-4785-B190-9614C14F9FA9}"
EndProject
Project("{9A19103F-16F7-4668-BE54-9A1E7A4F7556}") = "CoffeeShop", "CoffeeShop\CoffeeShop.csproj", "{E47779D1-547D-4012-B822-FF4937B7BAE3}"
EndProject
Project("{9A19103F-16F7-4668-BE54-9A1E7A4F7556}") = "ValidTriangle", "ValidTriangle\ValidTriangle.csproj", "{1BF77E64-E20E-443B-8C1F-2B74FBBE6C9E}"
EndProject
Project("{9A19103F-16F7-4668-BE54-9A1E7A4F7556}") = "AreaOfFigures", "AreaOfFigures\AreaOfFigures.csproj", "{E9B39C9C-D755-4CA5-A5FB-DFC938F11CEF}"
EndProject
Project("{9A19103F-16F7-4668-BE54-9A1E7A4F7556}") = "TicketPrice", "TicketPrice\TicketPrice.csproj", "{1DDE6FED-E6BF-47A3-9A69-14D2DEFC8055}"
EndProject
Project("{9A19103F-16F7-4668-BE54-9A1E7A4F7556}") = "SpeedInfo", "SpeedInfo\SpeedInfo.csproj", "{F1BDC0FF-69BF-4916-92D6-0D7DC483707D}"
EndProject
Project("{9A19103F-16F7-4668-BE54-9A1E7A4F7556}") = "BoilingWater", "BoilingWater\BoilingWater.csproj", "{9A16C061-A6A4-4C2C-A71A-6BFDD4A2EF89}"
EndProject
Project("{9A19103F-16F7-4668-BE54-9A1E7A4F7556}") = "FreezingWeather", "FreezingWeather\FreezingWeather.csproj", "{2A465BE5-417E-423B-9449-4E7087312B52}"
EndProject
Project("{9A19103F-16F7-4668-BE54-9A1E7A4F7556}") = "EvenOrOdd", "EvenOrOdd\EvenOrOdd.csproj", "{859E89FB-45D4-430F-A26D-3010F13EF20D}"
EndProject
Project("{9A19103F-16F7-4668-BE54-9A1E7A4F7556}") = "GreaterNumber", "GreaterNumber\GreaterNumber.csproj", "{B5E3E19A-E1CC-4910-A4CA-2497021DF516}"
EndProject
Project("{9A19103F-16F7-4668-BE54-9A1E7A4F7556}") = "NumbersAsWords", "NumbersAsWords\NumbersAsWords.csproj", "{504DD903-FA4C-459A-AC91-BE6748197034}"
EndProject
Project("{9A19103F-16F7-4668-BE54-9A1E7A4F7556}") = "Marketplace", "Marketplace\Marketplace.csproj", "{304531C0-8275-4E1B-AEDA-173FE76E52A5}"
EndProject
Project("{9A19103F-16F7-4668-BE54-9A1E7A4F7556}") = "LargestNumberOutOfThree", "LargestNumberOutOfThree\LargestNumberOutOfThree.csproj", "{70F180C7-5630-4579-A782-7E280B96C909}"
EndProject
Project("{9A19103F-16F7-4668-BE54-9A1E7A4F7556}") = "BonusScore", "BonusScore\BonusScore.csproj", "{ABBEE739-B204-44D0-8D0D-8B8022405F3E}"
EndProject
Project("{9A19103F-16F7-4668-BE54-9A1E7A4F7556}") = "FoodOrDrink", "FoodOrDrink\FoodOrDrink.csproj", "{6F443239-8E05-4CED-A2EA-FA4231CFF155}"
EndProject
Project("{9A19103F-16F7-4668-BE54-9A1E7A4F7556}") = "FruitOrVegetable", "FruitOrVegetable\FruitOrVegetable.csproj", "{C47B7492-3592-49C2-970C-CD84A039105F}"
EndProject
Project("{9A19103F-16F7-4668-BE54-9A1E7A4F7556}") = "WeekDay", "WeekDay\WeekDay.csproj", "{1AE60781-D298-4830-83D2-48B495C14A21}"
EndProject
Project("{9A19103F-16F7-4668-BE54-9A1E7A4F7556}") = "VowelOrConsonant", "VowelOrConsonant\VowelOrConsonant.csproj", "{3C636C6E-054A-45F0-BC9A-9448934DBAC7}"
EndProject
Project("{9A19103F-16F7-4668-BE54-9A1E7A4F7556}") = "SortedNumbers", "SortedNumbers\SortedNumbers.csproj", "{3B988878-A4F9-460C-ADBE-B2895E29A3FE}"
EndProject
Project("{9A19103F-16F7-4668-BE54-9A1E7A4F7556}") = "NumberType", "NumberType\NumberType.csproj", "{32EA842B-B8EA-4FEF-9A2D-B25E1E9411AB}"
EndProject
Project("{9A19103F-16F7-4668-BE54-9A1E7A4F7556}") = "ATM", "ATM\ATM.csproj", "{A04FB43B-7940-4398-895C-9101747D5453}"
EndProject
Project("{9A19103F-16F7-4668-BE54-9A1E7A4F7556}") = "BiggestOfFiveNumbers", "BiggestOfFiveNumbers\BiggestOfFiveNumbers.csproj", "{62C28E6D-FB6A-4B46-B3D8-E617A477D436}"
EndProject
Project("{FAE04EC0-301F-11D3-BF4B-00C04F79EFBC}") = "NumberOperations", "NumberOperations\NumberOperations.csproj", "{F431EB5E-BF9D-4F99-B3DD-28862A45F6A2}"
EndProject
Project("{FAE04EC0-301F-11D3-BF4B-00C04F79EFBC}") = "VacationExpenses", "VacationExpenses\VacationExpenses.csproj", "{86C61A17-EBD9-4165-B818-AF917F34A375}"
EndProject
Project("{FAE04EC0-301F-11D3-BF4B-00C04F79EFBC}") = "ProductOfThreeNumbers", "ProductOfThreeNumbers\ProductOfThreeNumbers.csproj", "{E094D038-6779-4502-9E51-E7F617E7EE5F}"
EndProject
Project("{FAE04EC0-301F-11D3-BF4B-00C04F79EFBC}") = "WorkingHours", "WorkingHours\WorkingHours.csproj", "{B44DED1E-D549-48C7-A2E1-C0B50A760176}"
EndProject
Project("{FAE04EC0-301F-11D3-BF4B-00C04F79EFBC}") = "InvalidNumber", "InvalidNumber\InvalidNumber.csproj", "{2F3FCBB8-E4F2-4E31-A2CA-B4FAE38123F8}"
EndProject
Project("{FAE04EC0-301F-11D3-BF4B-00C04F79EFBC}") = "SumSeconds", "SumSeconds\SumSeconds.csproj", "{513388BB-BC6D-4DF1-A1E0-FE399271EA0A}"
EndProject
Global
	GlobalSection(SolutionConfigurationPlatforms) = preSolution
		Debug|Any CPU = Debug|Any CPU
		Release|Any CPU = Release|Any CPU
	EndGlobalSection
	GlobalSection(ProjectConfigurationPlatforms) = postSolution
		{5B3F23DE-4954-49DD-9AA6-2511FFB75EE7}.Debug|Any CPU.ActiveCfg = Debug|Any CPU
		{5B3F23DE-4954-49DD-9AA6-2511FFB75EE7}.Debug|Any CPU.Build.0 = Debug|Any CPU
		{5B3F23DE-4954-49DD-9AA6-2511FFB75EE7}.Release|Any CPU.ActiveCfg = Release|Any CPU
		{5B3F23DE-4954-49DD-9AA6-2511FFB75EE7}.Release|Any CPU.Build.0 = Release|Any CPU
		{60250587-AC7E-4CA7-97CA-96D0BF43BF7D}.Debug|Any CPU.ActiveCfg = Debug|Any CPU
		{60250587-AC7E-4CA7-97CA-96D0BF43BF7D}.Debug|Any CPU.Build.0 = Debug|Any CPU
		{60250587-AC7E-4CA7-97CA-96D0BF43BF7D}.Release|Any CPU.ActiveCfg = Release|Any CPU
		{60250587-AC7E-4CA7-97CA-96D0BF43BF7D}.Release|Any CPU.Build.0 = Release|Any CPU
		{51206ADA-39E3-4E94-B933-25525DE961BB}.Debug|Any CPU.ActiveCfg = Debug|Any CPU
		{51206ADA-39E3-4E94-B933-25525DE961BB}.Debug|Any CPU.Build.0 = Debug|Any CPU
		{51206ADA-39E3-4E94-B933-25525DE961BB}.Release|Any CPU.ActiveCfg = Release|Any CPU
		{51206ADA-39E3-4E94-B933-25525DE961BB}.Release|Any CPU.Build.0 = Release|Any CPU
		{D24E7593-A0DB-4E7E-A921-3834C4440997}.Debug|Any CPU.ActiveCfg = Debug|Any CPU
		{D24E7593-A0DB-4E7E-A921-3834C4440997}.Debug|Any CPU.Build.0 = Debug|Any CPU
		{D24E7593-A0DB-4E7E-A921-3834C4440997}.Release|Any CPU.ActiveCfg = Release|Any CPU
		{D24E7593-A0DB-4E7E-A921-3834C4440997}.Release|Any CPU.Build.0 = Release|Any CPU
		{5B73E1E0-014A-4210-A65C-A270ECE8792B}.Debug|Any CPU.ActiveCfg = Debug|Any CPU
		{5B73E1E0-014A-4210-A65C-A270ECE8792B}.Debug|Any CPU.Build.0 = Debug|Any CPU
		{5B73E1E0-014A-4210-A65C-A270ECE8792B}.Release|Any CPU.ActiveCfg = Release|Any CPU
		{5B73E1E0-014A-4210-A65C-A270ECE8792B}.Release|Any CPU.Build.0 = Release|Any CPU
		{E133A97B-20FF-437E-9D24-9266E35A0D65}.Debug|Any CPU.ActiveCfg = Debug|Any CPU
		{E133A97B-20FF-437E-9D24-9266E35A0D65}.Debug|Any CPU.Build.0 = Debug|Any CPU
		{E133A97B-20FF-437E-9D24-9266E35A0D65}.Release|Any CPU.ActiveCfg = Release|Any CPU
		{E133A97B-20FF-437E-9D24-9266E35A0D65}.Release|Any CPU.Build.0 = Release|Any CPU
		{3F5539EE-1C6A-4E15-B58E-81A76A5FCB70}.Debug|Any CPU.ActiveCfg = Debug|Any CPU
		{3F5539EE-1C6A-4E15-B58E-81A76A5FCB70}.Debug|Any CPU.Build.0 = Debug|Any CPU
		{3F5539EE-1C6A-4E15-B58E-81A76A5FCB70}.Release|Any CPU.ActiveCfg = Release|Any CPU
		{3F5539EE-1C6A-4E15-B58E-81A76A5FCB70}.Release|Any CPU.Build.0 = Release|Any CPU
		{F13683B6-EBB2-48EA-AF64-FE488008E9B8}.Debug|Any CPU.ActiveCfg = Debug|Any CPU
		{F13683B6-EBB2-48EA-AF64-FE488008E9B8}.Debug|Any CPU.Build.0 = Debug|Any CPU
		{F13683B6-EBB2-48EA-AF64-FE488008E9B8}.Release|Any CPU.ActiveCfg = Release|Any CPU
		{F13683B6-EBB2-48EA-AF64-FE488008E9B8}.Release|Any CPU.Build.0 = Release|Any CPU
		{660265BC-453B-470C-912C-2E4C3ECDA18E}.Debug|Any CPU.ActiveCfg = Debug|Any CPU
		{660265BC-453B-470C-912C-2E4C3ECDA18E}.Debug|Any CPU.Build.0 = Debug|Any CPU
		{660265BC-453B-470C-912C-2E4C3ECDA18E}.Release|Any CPU.ActiveCfg = Release|Any CPU
		{660265BC-453B-470C-912C-2E4C3ECDA18E}.Release|Any CPU.Build.0 = Release|Any CPU
		{92329605-07F7-4F7C-8C21-9288DBE92095}.Debug|Any CPU.ActiveCfg = Debug|Any CPU
		{92329605-07F7-4F7C-8C21-9288DBE92095}.Debug|Any CPU.Build.0 = Debug|Any CPU
		{92329605-07F7-4F7C-8C21-9288DBE92095}.Release|Any CPU.ActiveCfg = Release|Any CPU
		{92329605-07F7-4F7C-8C21-9288DBE92095}.Release|Any CPU.Build.0 = Release|Any CPU
		{518CB06C-CAA6-42C7-A1D3-7EB3C72E8AD3}.Debug|Any CPU.ActiveCfg = Debug|Any CPU
		{518CB06C-CAA6-42C7-A1D3-7EB3C72E8AD3}.Debug|Any CPU.Build.0 = Debug|Any CPU
		{518CB06C-CAA6-42C7-A1D3-7EB3C72E8AD3}.Release|Any CPU.ActiveCfg = Release|Any CPU
		{518CB06C-CAA6-42C7-A1D3-7EB3C72E8AD3}.Release|Any CPU.Build.0 = Release|Any CPU
		{0C32D435-32D8-4785-B190-9614C14F9FA9}.Debug|Any CPU.ActiveCfg = Debug|Any CPU
		{0C32D435-32D8-4785-B190-9614C14F9FA9}.Debug|Any CPU.Build.0 = Debug|Any CPU
		{0C32D435-32D8-4785-B190-9614C14F9FA9}.Release|Any CPU.ActiveCfg = Release|Any CPU
		{0C32D435-32D8-4785-B190-9614C14F9FA9}.Release|Any CPU.Build.0 = Release|Any CPU
		{E47779D1-547D-4012-B822-FF4937B7BAE3}.Debug|Any CPU.ActiveCfg = Debug|Any CPU
		{E47779D1-547D-4012-B822-FF4937B7BAE3}.Debug|Any CPU.Build.0 = Debug|Any CPU
		{E47779D1-547D-4012-B822-FF4937B7BAE3}.Release|Any CPU.ActiveCfg = Release|Any CPU
		{E47779D1-547D-4012-B822-FF4937B7BAE3}.Release|Any CPU.Build.0 = Release|Any CPU
		{1BF77E64-E20E-443B-8C1F-2B74FBBE6C9E}.Debug|Any CPU.ActiveCfg = Debug|Any CPU
		{1BF77E64-E20E-443B-8C1F-2B74FBBE6C9E}.Debug|Any CPU.Build.0 = Debug|Any CPU
		{1BF77E64-E20E-443B-8C1F-2B74FBBE6C9E}.Release|Any CPU.ActiveCfg = Release|Any CPU
		{1BF77E64-E20E-443B-8C1F-2B74FBBE6C9E}.Release|Any CPU.Build.0 = Release|Any CPU
		{E9B39C9C-D755-4CA5-A5FB-DFC938F11CEF}.Debug|Any CPU.ActiveCfg = Debug|Any CPU
		{E9B39C9C-D755-4CA5-A5FB-DFC938F11CEF}.Debug|Any CPU.Build.0 = Debug|Any CPU
		{E9B39C9C-D755-4CA5-A5FB-DFC938F11CEF}.Release|Any CPU.ActiveCfg = Release|Any CPU
		{E9B39C9C-D755-4CA5-A5FB-DFC938F11CEF}.Release|Any CPU.Build.0 = Release|Any CPU
		{1DDE6FED-E6BF-47A3-9A69-14D2DEFC8055}.Debug|Any CPU.ActiveCfg = Debug|Any CPU
		{1DDE6FED-E6BF-47A3-9A69-14D2DEFC8055}.Debug|Any CPU.Build.0 = Debug|Any CPU
		{1DDE6FED-E6BF-47A3-9A69-14D2DEFC8055}.Release|Any CPU.ActiveCfg = Release|Any CPU
		{1DDE6FED-E6BF-47A3-9A69-14D2DEFC8055}.Release|Any CPU.Build.0 = Release|Any CPU
		{F1BDC0FF-69BF-4916-92D6-0D7DC483707D}.Debug|Any CPU.ActiveCfg = Debug|Any CPU
		{F1BDC0FF-69BF-4916-92D6-0D7DC483707D}.Debug|Any CPU.Build.0 = Debug|Any CPU
		{F1BDC0FF-69BF-4916-92D6-0D7DC483707D}.Release|Any CPU.ActiveCfg = Release|Any CPU
		{F1BDC0FF-69BF-4916-92D6-0D7DC483707D}.Release|Any CPU.Build.0 = Release|Any CPU
		{9A16C061-A6A4-4C2C-A71A-6BFDD4A2EF89}.Debug|Any CPU.ActiveCfg = Debug|Any CPU
		{9A16C061-A6A4-4C2C-A71A-6BFDD4A2EF89}.Debug|Any CPU.Build.0 = Debug|Any CPU
		{9A16C061-A6A4-4C2C-A71A-6BFDD4A2EF89}.Release|Any CPU.ActiveCfg = Release|Any CPU
		{9A16C061-A6A4-4C2C-A71A-6BFDD4A2EF89}.Release|Any CPU.Build.0 = Release|Any CPU
		{2A465BE5-417E-423B-9449-4E7087312B52}.Debug|Any CPU.ActiveCfg = Debug|Any CPU
		{2A465BE5-417E-423B-9449-4E7087312B52}.Debug|Any CPU.Build.0 = Debug|Any CPU
		{2A465BE5-417E-423B-9449-4E7087312B52}.Release|Any CPU.ActiveCfg = Release|Any CPU
		{2A465BE5-417E-423B-9449-4E7087312B52}.Release|Any CPU.Build.0 = Release|Any CPU
		{859E89FB-45D4-430F-A26D-3010F13EF20D}.Debug|Any CPU.ActiveCfg = Debug|Any CPU
		{859E89FB-45D4-430F-A26D-3010F13EF20D}.Debug|Any CPU.Build.0 = Debug|Any CPU
		{859E89FB-45D4-430F-A26D-3010F13EF20D}.Release|Any CPU.ActiveCfg = Release|Any CPU
		{859E89FB-45D4-430F-A26D-3010F13EF20D}.Release|Any CPU.Build.0 = Release|Any CPU
		{B5E3E19A-E1CC-4910-A4CA-2497021DF516}.Debug|Any CPU.ActiveCfg = Debug|Any CPU
		{B5E3E19A-E1CC-4910-A4CA-2497021DF516}.Debug|Any CPU.Build.0 = Debug|Any CPU
		{B5E3E19A-E1CC-4910-A4CA-2497021DF516}.Release|Any CPU.ActiveCfg = Release|Any CPU
		{B5E3E19A-E1CC-4910-A4CA-2497021DF516}.Release|Any CPU.Build.0 = Release|Any CPU
		{504DD903-FA4C-459A-AC91-BE6748197034}.Debug|Any CPU.ActiveCfg = Debug|Any CPU
		{504DD903-FA4C-459A-AC91-BE6748197034}.Debug|Any CPU.Build.0 = Debug|Any CPU
		{504DD903-FA4C-459A-AC91-BE6748197034}.Release|Any CPU.ActiveCfg = Release|Any CPU
		{504DD903-FA4C-459A-AC91-BE6748197034}.Release|Any CPU.Build.0 = Release|Any CPU
		{304531C0-8275-4E1B-AEDA-173FE76E52A5}.Debug|Any CPU.ActiveCfg = Debug|Any CPU
		{304531C0-8275-4E1B-AEDA-173FE76E52A5}.Debug|Any CPU.Build.0 = Debug|Any CPU
		{304531C0-8275-4E1B-AEDA-173FE76E52A5}.Release|Any CPU.ActiveCfg = Release|Any CPU
		{304531C0-8275-4E1B-AEDA-173FE76E52A5}.Release|Any CPU.Build.0 = Release|Any CPU
		{70F180C7-5630-4579-A782-7E280B96C909}.Debug|Any CPU.ActiveCfg = Debug|Any CPU
		{70F180C7-5630-4579-A782-7E280B96C909}.Debug|Any CPU.Build.0 = Debug|Any CPU
		{70F180C7-5630-4579-A782-7E280B96C909}.Release|Any CPU.ActiveCfg = Release|Any CPU
		{70F180C7-5630-4579-A782-7E280B96C909}.Release|Any CPU.Build.0 = Release|Any CPU
		{ABBEE739-B204-44D0-8D0D-8B8022405F3E}.Debug|Any CPU.ActiveCfg = Debug|Any CPU
		{ABBEE739-B204-44D0-8D0D-8B8022405F3E}.Debug|Any CPU.Build.0 = Debug|Any CPU
		{ABBEE739-B204-44D0-8D0D-8B8022405F3E}.Release|Any CPU.ActiveCfg = Release|Any CPU
		{ABBEE739-B204-44D0-8D0D-8B8022405F3E}.Release|Any CPU.Build.0 = Release|Any CPU
		{6F443239-8E05-4CED-A2EA-FA4231CFF155}.Debug|Any CPU.ActiveCfg = Debug|Any CPU
		{6F443239-8E05-4CED-A2EA-FA4231CFF155}.Debug|Any CPU.Build.0 = Debug|Any CPU
		{6F443239-8E05-4CED-A2EA-FA4231CFF155}.Release|Any CPU.ActiveCfg = Release|Any CPU
		{6F443239-8E05-4CED-A2EA-FA4231CFF155}.Release|Any CPU.Build.0 = Release|Any CPU
		{C47B7492-3592-49C2-970C-CD84A039105F}.Debug|Any CPU.ActiveCfg = Debug|Any CPU
		{C47B7492-3592-49C2-970C-CD84A039105F}.Debug|Any CPU.Build.0 = Debug|Any CPU
		{C47B7492-3592-49C2-970C-CD84A039105F}.Release|Any CPU.ActiveCfg = Release|Any CPU
		{C47B7492-3592-49C2-970C-CD84A039105F}.Release|Any CPU.Build.0 = Release|Any CPU
		{1AE60781-D298-4830-83D2-48B495C14A21}.Debug|Any CPU.ActiveCfg = Debug|Any CPU
		{1AE60781-D298-4830-83D2-48B495C14A21}.Debug|Any CPU.Build.0 = Debug|Any CPU
		{1AE60781-D298-4830-83D2-48B495C14A21}.Release|Any CPU.ActiveCfg = Release|Any CPU
		{1AE60781-D298-4830-83D2-48B495C14A21}.Release|Any CPU.Build.0 = Release|Any CPU
		{3C636C6E-054A-45F0-BC9A-9448934DBAC7}.Debug|Any CPU.ActiveCfg = Debug|Any CPU
		{3C636C6E-054A-45F0-BC9A-9448934DBAC7}.Debug|Any CPU.Build.0 = Debug|Any CPU
		{3C636C6E-054A-45F0-BC9A-9448934DBAC7}.Release|Any CPU.ActiveCfg = Release|Any CPU
		{3C636C6E-054A-45F0-BC9A-9448934DBAC7}.Release|Any CPU.Build.0 = Release|Any CPU
		{3B988878-A4F9-460C-ADBE-B2895E29A3FE}.Debug|Any CPU.ActiveCfg = Debug|Any CPU
		{3B988878-A4F9-460C-ADBE-B2895E29A3FE}.Debug|Any CPU.Build.0 = Debug|Any CPU
		{3B988878-A4F9-460C-ADBE-B2895E29A3FE}.Release|Any CPU.ActiveCfg = Release|Any CPU
		{3B988878-A4F9-460C-ADBE-B2895E29A3FE}.Release|Any CPU.Build.0 = Release|Any CPU
		{32EA842B-B8EA-4FEF-9A2D-B25E1E9411AB}.Debug|Any CPU.ActiveCfg = Debug|Any CPU
		{32EA842B-B8EA-4FEF-9A2D-B25E1E9411AB}.Debug|Any CPU.Build.0 = Debug|Any CPU
		{32EA842B-B8EA-4FEF-9A2D-B25E1E9411AB}.Release|Any CPU.ActiveCfg = Release|Any CPU
		{32EA842B-B8EA-4FEF-9A2D-B25E1E9411AB}.Release|Any CPU.Build.0 = Release|Any CPU
		{A04FB43B-7940-4398-895C-9101747D5453}.Debug|Any CPU.ActiveCfg = Debug|Any CPU
		{A04FB43B-7940-4398-895C-9101747D5453}.Debug|Any CPU.Build.0 = Debug|Any CPU
		{A04FB43B-7940-4398-895C-9101747D5453}.Release|Any CPU.ActiveCfg = Release|Any CPU
		{A04FB43B-7940-4398-895C-9101747D5453}.Release|Any CPU.Build.0 = Release|Any CPU
		{62C28E6D-FB6A-4B46-B3D8-E617A477D436}.Debug|Any CPU.ActiveCfg = Debug|Any CPU
		{62C28E6D-FB6A-4B46-B3D8-E617A477D436}.Debug|Any CPU.Build.0 = Debug|Any CPU
		{62C28E6D-FB6A-4B46-B3D8-E617A477D436}.Release|Any CPU.ActiveCfg = Release|Any CPU
		{62C28E6D-FB6A-4B46-B3D8-E617A477D436}.Release|Any CPU.Build.0 = Release|Any CPU
		{F431EB5E-BF9D-4F99-B3DD-28862A45F6A2}.Debug|Any CPU.ActiveCfg = Debug|Any CPU
		{F431EB5E-BF9D-4F99-B3DD-28862A45F6A2}.Debug|Any CPU.Build.0 = Debug|Any CPU
		{F431EB5E-BF9D-4F99-B3DD-28862A45F6A2}.Release|Any CPU.ActiveCfg = Release|Any CPU
		{F431EB5E-BF9D-4F99-B3DD-28862A45F6A2}.Release|Any CPU.Build.0 = Release|Any CPU
		{86C61A17-EBD9-4165-B818-AF917F34A375}.Debug|Any CPU.ActiveCfg = Debug|Any CPU
		{86C61A17-EBD9-4165-B818-AF917F34A375}.Debug|Any CPU.Build.0 = Debug|Any CPU
		{86C61A17-EBD9-4165-B818-AF917F34A375}.Release|Any CPU.ActiveCfg = Release|Any CPU
		{86C61A17-EBD9-4165-B818-AF917F34A375}.Release|Any CPU.Build.0 = Release|Any CPU
		{E094D038-6779-4502-9E51-E7F617E7EE5F}.Debug|Any CPU.ActiveCfg = Debug|Any CPU
		{E094D038-6779-4502-9E51-E7F617E7EE5F}.Debug|Any CPU.Build.0 = Debug|Any CPU
		{E094D038-6779-4502-9E51-E7F617E7EE5F}.Release|Any CPU.ActiveCfg = Release|Any CPU
		{E094D038-6779-4502-9E51-E7F617E7EE5F}.Release|Any CPU.Build.0 = Release|Any CPU
		{B44DED1E-D549-48C7-A2E1-C0B50A760176}.Debug|Any CPU.ActiveCfg = Debug|Any CPU
		{B44DED1E-D549-48C7-A2E1-C0B50A760176}.Debug|Any CPU.Build.0 = Debug|Any CPU
		{B44DED1E-D549-48C7-A2E1-C0B50A760176}.Release|Any CPU.ActiveCfg = Release|Any CPU
		{B44DED1E-D549-48C7-A2E1-C0B50A760176}.Release|Any CPU.Build.0 = Release|Any CPU
		{2F3FCBB8-E4F2-4E31-A2CA-B4FAE38123F8}.Debug|Any CPU.ActiveCfg = Debug|Any CPU
		{2F3FCBB8-E4F2-4E31-A2CA-B4FAE38123F8}.Debug|Any CPU.Build.0 = Debug|Any CPU
		{2F3FCBB8-E4F2-4E31-A2CA-B4FAE38123F8}.Release|Any CPU.ActiveCfg = Release|Any CPU
		{2F3FCBB8-E4F2-4E31-A2CA-B4FAE38123F8}.Release|Any CPU.Build.0 = Release|Any CPU
		{513388BB-BC6D-4DF1-A1E0-FE399271EA0A}.Debug|Any CPU.ActiveCfg = Debug|Any CPU
		{513388BB-BC6D-4DF1-A1E0-FE399271EA0A}.Debug|Any CPU.Build.0 = Debug|Any CPU
		{513388BB-BC6D-4DF1-A1E0-FE399271EA0A}.Release|Any CPU.ActiveCfg = Release|Any CPU
		{513388BB-BC6D-4DF1-A1E0-FE399271EA0A}.Release|Any CPU.Build.0 = Release|Any CPU
	EndGlobalSection
	GlobalSection(SolutionProperties) = preSolution
		HideSolutionNode = FALSE
	EndGlobalSection
	GlobalSection(ExtensibilityGlobals) = postSolution
		SolutionGuid = {24295669-0FA7-43E9-89A6-D27AC9DD9A4C}
	EndGlobalSection
EndGlobal
